Microsoft Visual Studio Solution File, Format Version 12.00
# Visual Studio 14
VisualStudioVersion = 14.0.24720.0
MinimumVisualStudioVersion = 10.0.40219.1
Project("{8BC9CEB8-8B4A-11D0-8D11-00A0C91BC942}") = "arch", "src\arch\win64\arch.vcxproj", "{4A354313-5B3D-4540-AE89-FDFD0D33A4E7}"
EndProject
Project("{8BC9CEB8-8B4A-11D0-8D11-00A0C91BC942}") = "base", "src\arch\win64\base.vcxproj", "{167AF82A-A87D-4174-A597-3EDA33E9EC07}"
EndProject
Project("{8BC9CEB8-8B4A-11D0-8D11-00A0C91BC942}") = "c64", "src\arch\win64\c64.vcxproj", "{5F2820DF-00EF-4468-A501-1843CC1EC753}"
EndProject
Project("{8BC9CEB8-8B4A-11D0-8D11-00A0C91BC942}") = "c64cart", "src\arch\win64\c64cart.vcxproj", "{03B352EB-A39A-4AB2-B7C3-42415FAD8A86}"
EndProject
Project("{8BC9CEB8-8B4A-11D0-8D11-00A0C91BC942}") = "c64cartsystem", "src\arch\win64\c64cartsystem.vcxproj", "{03B352EB-A39A-4AB2-B7C3-42415FAD8A87}"
EndProject
Project("{8BC9CEB8-8B4A-11D0-8D11-00A0C91BC942}") = "c64commoncart", "src\arch\win64\c64commoncart.vcxproj", "{03B352EB-A39A-4AB2-B7C3-42415FAD8A88}"
EndProject
Project("{8BC9CEB8-8B4A-11D0-8D11-00A0C91BC942}") = "c64exp", "src\arch\win64\c64exp.vcxproj", "{C3EB8401-15D7-46AF-97D7-A6C21E77C1A5}"
EndProject
Project("{8BC9CEB8-8B4A-11D0-8D11-00A0C91BC942}") = "core", "src\arch\win64\core.vcxproj", "{73C850E8-76E5-4EB7-B5AF-423CED1B0D96}"
EndProject
Project("{8BC9CEB8-8B4A-11D0-8D11-00A0C91BC942}") = "diskimage", "src\arch\win64\diskimage.vcxproj", "{00327921-E1FA-41E1-8FB5-2F0E0EF94C78}"
EndProject
Project("{8BC9CEB8-8B4A-11D0-8D11-00A0C91BC942}") = "drive", "src\arch\win64\drive.vcxproj", "{0ED2E124-5786-4A02-8BE5-2DF328A1616A}"
EndProject
Project("{8BC9CEB8-8B4A-11D0-8D11-00A0C91BC942}") = "fileio", "src\arch\win64\fileio.vcxproj", "{423885A6-97DF-41D3-AC4C-6D5A22671A38}"
EndProject
Project("{8BC9CEB8-8B4A-11D0-8D11-00A0C91BC942}") = "fsdevice", "src\arch\win64\fsdevice.vcxproj", "{A40F6FCA-4285-4C27-A914-193E0D740FFD}"
EndProject
Project("{8BC9CEB8-8B4A-11D0-8D11-00A0C91BC942}") = "genwinres", "src\arch\win64\genwinres.vcxproj", "{7129BF37-174A-4D72-994E-9C2327FE9D61}"
EndProject
Project("{8BC9CEB8-8B4A-11D0-8D11-00A0C91BC942}") = "gfxoutputdrv", "src\arch\win64\gfxoutputdrv.vcxproj", "{8C0C9814-641B-44B6-84CD-25C4C54FB049}"
EndProject
Project("{8BC9CEB8-8B4A-11D0-8D11-00A0C91BC942}") = "iec", "src\arch\win64\iec.vcxproj", "{DB527D7B-1F04-45A5-85F0-AA9E148DD748}"
EndProject
Project("{8BC9CEB8-8B4A-11D0-8D11-00A0C91BC942}") = "iecbus", "src\arch\win64\iecbus.vcxproj", "{0B4147B5-8047-40D7-9E74-2D40685C0872}"
EndProject
Project("{8BC9CEB8-8B4A-11D0-8D11-00A0C91BC942}") = "iecieee", "src\arch\win64\iecieee.vcxproj", "{72B67F40-EE90-4C08-8BC9-739952BBF802}"
EndProject
Project("{8BC9CEB8-8B4A-11D0-8D11-00A0C91BC942}") = "ieee", "src\arch\win64\ieee.vcxproj", "{BC6490D8-F308-4F2B-9034-90D5D5DE5CA5}"
EndProject
Project("{8BC9CEB8-8B4A-11D0-8D11-00A0C91BC942}") = "imagecontents", "src\arch\win64\imagecontents.vcxproj", "{CF04D97F-C99C-4405-B2D7-2D810F8122F9}"
EndProject
Project("{8BC9CEB8-8B4A-11D0-8D11-00A0C91BC942}") = "monitor", "src\arch\win64\monitor.vcxproj", "{AE88D35B-0284-48F0-B5EC-CB8169E85A2A}"
EndProject
Project("{8BC9CEB8-8B4A-11D0-8D11-00A0C91BC942}") = "p64", "src\arch\win64\p64.vcxproj", "{0ED2E124-5786-4A02-8BE5-2DF328A1616B}"
EndProject
Project("{8BC9CEB8-8B4A-11D0-8D11-00A0C91BC942}") = "parallel", "src\arch\win64\parallel.vcxproj", "{EE013CA0-FCB3-477A-B387-AFD3C9252989}"
EndProject
Project("{8BC9CEB8-8B4A-11D0-8D11-00A0C91BC942}") = "platform", "src\arch\win64\platform.vcxproj", "{F89B75C6-9292-486F-980F-8A6FF81B11D3}"
EndProject
Project("{8BC9CEB8-8B4A-11D0-8D11-00A0C91BC942}") = "printerdrv", "src\arch\win64\printerdrv.vcxproj", "{0DED6E60-AFD5-4D9F-9C20-42882870CCB1}"
EndProject
Project("{8BC9CEB8-8B4A-11D0-8D11-00A0C91BC942}") = "raster", "src\arch\win64\raster.vcxproj", "{B63DA67A-83FC-44F7-A368-5AC4026251A7}"
EndProject
Project("{8BC9CEB8-8B4A-11D0-8D11-00A0C91BC942}") = "resid", "src\arch\win64\resid.vcxproj", "{7CF3660F-5A8D-4EEC-A2B3-9E34FAF267E6}"
EndProject
Project("{8BC9CEB8-8B4A-11D0-8D11-00A0C91BC942}") = "residfp", "src\arch\win64\residfp.vcxproj", "{3D0B54B6-104B-4716-90CA-8BB4DC375CE2}"
EndProject
Project("{8BC9CEB8-8B4A-11D0-8D11-00A0C91BC942}") = "rs232drv", "src\arch\win64\rs232drv.vcxproj", "{CFCFE8EB-9223-4E70-BEB0-FA93180D4CA3}"
EndProject
Project("{8BC9CEB8-8B4A-11D0-8D11-00A0C91BC942}") = "rtc", "src\arch\win64\rtc.vcxproj", "{F89B75C6-9292-486F-980F-8A6FF81B11C3}"
EndProject
Project("{8BC9CEB8-8B4A-11D0-8D11-00A0C91BC942}") = "serial", "src\arch\win64\serial.vcxproj", "{FC8CC524-2B59-4BF7-846C-EC8109C5B615}"
EndProject
Project("{8BC9CEB8-8B4A-11D0-8D11-00A0C91BC942}") = "sid", "src\arch\win64\sid.vcxproj", "{76DDDC33-CD8E-40B8-8A00-8CE75C12ADDF}"
EndProject
Project("{8BC9CEB8-8B4A-11D0-8D11-00A0C91BC942}") = "sounddrv", "src\arch\win64\sounddrv.vcxproj", "{AEC70508-1A9B-4968-87C9-42EFEA706999}"
EndProject
Project("{8BC9CEB8-8B4A-11D0-8D11-00A0C91BC942}") = "tape", "src\arch\win64\tape.vcxproj", "{6CA8C6D2-157C-43D8-9368-5E9C52ABC048}"
EndProject
Project("{8BC9CEB8-8B4A-11D0-8D11-00A0C91BC942}") = "userport", "src\arch\win64\userport.vcxproj", "{C61A260C-0E95-47CE-BE6E-9DD8E4AB666E}"
EndProject
Project("{8BC9CEB8-8B4A-11D0-8D11-00A0C91BC942}") = "vdrive", "src\arch\win64\vdrive.vcxproj", "{3F1CB289-B380-43A9-AB8B-4AC48CE6D0A4}"
EndProject
Project("{8BC9CEB8-8B4A-11D0-8D11-00A0C91BC942}") = "vicii", "src\arch\win64\vicii.vcxproj", "{C99ABD62-30E6-4AEE-82D6-1B5069021C42}"
EndProject
Project("{8BC9CEB8-8B4A-11D0-8D11-00A0C91BC942}") = "video", "src\arch\win64\video.vcxproj", "{7B9D283C-1BED-4FD8-BE86-13599332CBDC}"
EndProject
Project("{8BC9CEB8-8B4A-11D0-8D11-00A0C91BC942}") = "x64", "src\arch\win64\x64.vcxproj", "{CB5264CD-9133-433B-94C8-AA5C2B63F08B}"
EndProject
Global
	GlobalSection(SolutionConfigurationPlatforms) = preSolution
		Debug no DirectX|Itanium = Debug no DirectX|Itanium
		Debug no DirectX|Mixed Platforms = Debug no DirectX|Mixed Platforms
		Debug no DirectX|Win32 = Debug no DirectX|Win32
		Debug no DirectX|x64 = Debug no DirectX|x64
		Debug|Itanium = Debug|Itanium
		Debug|Mixed Platforms = Debug|Mixed Platforms
		Debug|Win32 = Debug|Win32
		Debug|x64 = Debug|x64
		Release no DirectX|Itanium = Release no DirectX|Itanium
		Release no DirectX|Mixed Platforms = Release no DirectX|Mixed Platforms
		Release no DirectX|Win32 = Release no DirectX|Win32
		Release no DirectX|x64 = Release no DirectX|x64
		Release|Itanium = Release|Itanium
		Release|Mixed Platforms = Release|Mixed Platforms
		Release|Win32 = Release|Win32
		Release|x64 = Release|x64
	EndGlobalSection
	GlobalSection(ProjectConfigurationPlatforms) = postSolution
		{4A354313-5B3D-4540-AE89-FDFD0D33A4E7}.Debug no DirectX|Itanium.ActiveCfg = Debug no DirectX|Win32
		{4A354313-5B3D-4540-AE89-FDFD0D33A4E7}.Debug no DirectX|Mixed Platforms.ActiveCfg = Debug no DirectX|x64
		{4A354313-5B3D-4540-AE89-FDFD0D33A4E7}.Debug no DirectX|Mixed Platforms.Build.0 = Debug no DirectX|x64
		{4A354313-5B3D-4540-AE89-FDFD0D33A4E7}.Debug no DirectX|Win32.ActiveCfg = Debug no DirectX|x64
		{4A354313-5B3D-4540-AE89-FDFD0D33A4E7}.Debug no DirectX|x64.ActiveCfg = Debug no DirectX|x64
		{4A354313-5B3D-4540-AE89-FDFD0D33A4E7}.Debug no DirectX|x64.Build.0 = Debug no DirectX|x64
		{4A354313-5B3D-4540-AE89-FDFD0D33A4E7}.Debug|Itanium.ActiveCfg = Debug|Win32
		{4A354313-5B3D-4540-AE89-FDFD0D33A4E7}.Debug|Mixed Platforms.ActiveCfg = Debug|x64
		{4A354313-5B3D-4540-AE89-FDFD0D33A4E7}.Debug|Mixed Platforms.Build.0 = Debug|x64
		{4A354313-5B3D-4540-AE89-FDFD0D33A4E7}.Debug|Win32.ActiveCfg = Debug|x64
		{4A354313-5B3D-4540-AE89-FDFD0D33A4E7}.Debug|x64.ActiveCfg = Debug|x64
		{4A354313-5B3D-4540-AE89-FDFD0D33A4E7}.Debug|x64.Build.0 = Debug|x64
		{4A354313-5B3D-4540-AE89-FDFD0D33A4E7}.Release no DirectX|Itanium.ActiveCfg = Release no DirectX|Win32
		{4A354313-5B3D-4540-AE89-FDFD0D33A4E7}.Release no DirectX|Mixed Platforms.ActiveCfg = Release no DirectX|x64
		{4A354313-5B3D-4540-AE89-FDFD0D33A4E7}.Release no DirectX|Mixed Platforms.Build.0 = Release no DirectX|x64
		{4A354313-5B3D-4540-AE89-FDFD0D33A4E7}.Release no DirectX|Win32.ActiveCfg = Release no DirectX|x64
		{4A354313-5B3D-4540-AE89-FDFD0D33A4E7}.Release no DirectX|x64.ActiveCfg = Release no DirectX|x64
		{4A354313-5B3D-4540-AE89-FDFD0D33A4E7}.Release no DirectX|x64.Build.0 = Release no DirectX|x64
		{4A354313-5B3D-4540-AE89-FDFD0D33A4E7}.Release|Itanium.ActiveCfg = Release|Win32
		{4A354313-5B3D-4540-AE89-FDFD0D33A4E7}.Release|Mixed Platforms.ActiveCfg = Release|x64
		{4A354313-5B3D-4540-AE89-FDFD0D33A4E7}.Release|Mixed Platforms.Build.0 = Release|x64
		{4A354313-5B3D-4540-AE89-FDFD0D33A4E7}.Release|Win32.ActiveCfg = Release|x64
		{4A354313-5B3D-4540-AE89-FDFD0D33A4E7}.Release|x64.ActiveCfg = Release|x64
		{4A354313-5B3D-4540-AE89-FDFD0D33A4E7}.Release|x64.Build.0 = Release|x64
		{167AF82A-A87D-4174-A597-3EDA33E9EC07}.Debug no DirectX|Itanium.ActiveCfg = Debug no DirectX|Win32
		{167AF82A-A87D-4174-A597-3EDA33E9EC07}.Debug no DirectX|Mixed Platforms.ActiveCfg = Debug no DirectX|x64
		{167AF82A-A87D-4174-A597-3EDA33E9EC07}.Debug no DirectX|Mixed Platforms.Build.0 = Debug no DirectX|x64
		{167AF82A-A87D-4174-A597-3EDA33E9EC07}.Debug no DirectX|Win32.ActiveCfg = Debug no DirectX|x64
		{167AF82A-A87D-4174-A597-3EDA33E9EC07}.Debug no DirectX|x64.ActiveCfg = Debug no DirectX|x64
		{167AF82A-A87D-4174-A597-3EDA33E9EC07}.Debug no DirectX|x64.Build.0 = Debug no DirectX|x64
		{167AF82A-A87D-4174-A597-3EDA33E9EC07}.Debug|Itanium.ActiveCfg = Debug|Win32
		{167AF82A-A87D-4174-A597-3EDA33E9EC07}.Debug|Mixed Platforms.ActiveCfg = Debug|x64
		{167AF82A-A87D-4174-A597-3EDA33E9EC07}.Debug|Mixed Platforms.Build.0 = Debug|x64
		{167AF82A-A87D-4174-A597-3EDA33E9EC07}.Debug|Win32.ActiveCfg = Debug|x64
		{167AF82A-A87D-4174-A597-3EDA33E9EC07}.Debug|x64.ActiveCfg = Debug|x64
		{167AF82A-A87D-4174-A597-3EDA33E9EC07}.Debug|x64.Build.0 = Debug|x64
		{167AF82A-A87D-4174-A597-3EDA33E9EC07}.Release no DirectX|Itanium.ActiveCfg = Release no DirectX|Win32
		{167AF82A-A87D-4174-A597-3EDA33E9EC07}.Release no DirectX|Mixed Platforms.ActiveCfg = Release no DirectX|x64
		{167AF82A-A87D-4174-A597-3EDA33E9EC07}.Release no DirectX|Mixed Platforms.Build.0 = Release no DirectX|x64
		{167AF82A-A87D-4174-A597-3EDA33E9EC07}.Release no DirectX|Win32.ActiveCfg = Release no DirectX|x64
		{167AF82A-A87D-4174-A597-3EDA33E9EC07}.Release no DirectX|x64.ActiveCfg = Release no DirectX|x64
		{167AF82A-A87D-4174-A597-3EDA33E9EC07}.Release no DirectX|x64.Build.0 = Release no DirectX|x64
		{167AF82A-A87D-4174-A597-3EDA33E9EC07}.Release|Itanium.ActiveCfg = Release|Win32
		{167AF82A-A87D-4174-A597-3EDA33E9EC07}.Release|Mixed Platforms.ActiveCfg = Release|x64
		{167AF82A-A87D-4174-A597-3EDA33E9EC07}.Release|Mixed Platforms.Build.0 = Release|x64
		{167AF82A-A87D-4174-A597-3EDA33E9EC07}.Release|Win32.ActiveCfg = Release|x64
		{167AF82A-A87D-4174-A597-3EDA33E9EC07}.Release|x64.ActiveCfg = Release|x64
		{167AF82A-A87D-4174-A597-3EDA33E9EC07}.Release|x64.Build.0 = Release|x64
		{5F2820DF-00EF-4468-A501-1843CC1EC753}.Debug no DirectX|Itanium.ActiveCfg = Debug no DirectX|Win32
		{5F2820DF-00EF-4468-A501-1843CC1EC753}.Debug no DirectX|Mixed Platforms.ActiveCfg = Debug no DirectX|x64
		{5F2820DF-00EF-4468-A501-1843CC1EC753}.Debug no DirectX|Mixed Platforms.Build.0 = Debug no DirectX|x64
		{5F2820DF-00EF-4468-A501-1843CC1EC753}.Debug no DirectX|Win32.ActiveCfg = Debug no DirectX|x64
		{5F2820DF-00EF-4468-A501-1843CC1EC753}.Debug no DirectX|x64.ActiveCfg = Debug no DirectX|x64
		{5F2820DF-00EF-4468-A501-1843CC1EC753}.Debug no DirectX|x64.Build.0 = Debug no DirectX|x64
		{5F2820DF-00EF-4468-A501-1843CC1EC753}.Debug|Itanium.ActiveCfg = Debug|Win32
		{5F2820DF-00EF-4468-A501-1843CC1EC753}.Debug|Mixed Platforms.ActiveCfg = Debug|x64
		{5F2820DF-00EF-4468-A501-1843CC1EC753}.Debug|Mixed Platforms.Build.0 = Debug|x64
		{5F2820DF-00EF-4468-A501-1843CC1EC753}.Debug|Win32.ActiveCfg = Debug|x64
		{5F2820DF-00EF-4468-A501-1843CC1EC753}.Debug|x64.ActiveCfg = Debug|x64
		{5F2820DF-00EF-4468-A501-1843CC1EC753}.Debug|x64.Build.0 = Debug|x64
		{5F2820DF-00EF-4468-A501-1843CC1EC753}.Release no DirectX|Itanium.ActiveCfg = Release no DirectX|Win32
		{5F2820DF-00EF-4468-A501-1843CC1EC753}.Release no DirectX|Mixed Platforms.ActiveCfg = Release no DirectX|x64
		{5F2820DF-00EF-4468-A501-1843CC1EC753}.Release no DirectX|Mixed Platforms.Build.0 = Release no DirectX|x64
		{5F2820DF-00EF-4468-A501-1843CC1EC753}.Release no DirectX|Win32.ActiveCfg = Release no DirectX|x64
		{5F2820DF-00EF-4468-A501-1843CC1EC753}.Release no DirectX|x64.ActiveCfg = Release no DirectX|x64
		{5F2820DF-00EF-4468-A501-1843CC1EC753}.Release no DirectX|x64.Build.0 = Release no DirectX|x64
		{5F2820DF-00EF-4468-A501-1843CC1EC753}.Release|Itanium.ActiveCfg = Release|Win32
		{5F2820DF-00EF-4468-A501-1843CC1EC753}.Release|Mixed Platforms.ActiveCfg = Release|x64
		{5F2820DF-00EF-4468-A501-1843CC1EC753}.Release|Mixed Platforms.Build.0 = Release|x64
		{5F2820DF-00EF-4468-A501-1843CC1EC753}.Release|Win32.ActiveCfg = Release|x64
		{5F2820DF-00EF-4468-A501-1843CC1EC753}.Release|x64.ActiveCfg = Release|x64
		{5F2820DF-00EF-4468-A501-1843CC1EC753}.Release|x64.Build.0 = Release|x64
		{03B352EB-A39A-4AB2-B7C3-42415FAD8A86}.Debug no DirectX|Itanium.ActiveCfg = Debug no DirectX|Win32
		{03B352EB-A39A-4AB2-B7C3-42415FAD8A86}.Debug no DirectX|Mixed Platforms.ActiveCfg = Debug no DirectX|x64
		{03B352EB-A39A-4AB2-B7C3-42415FAD8A86}.Debug no DirectX|Mixed Platforms.Build.0 = Debug no DirectX|x64
		{03B352EB-A39A-4AB2-B7C3-42415FAD8A86}.Debug no DirectX|Win32.ActiveCfg = Debug no DirectX|x64
		{03B352EB-A39A-4AB2-B7C3-42415FAD8A86}.Debug no DirectX|x64.ActiveCfg = Debug no DirectX|x64
		{03B352EB-A39A-4AB2-B7C3-42415FAD8A86}.Debug no DirectX|x64.Build.0 = Debug no DirectX|x64
		{03B352EB-A39A-4AB2-B7C3-42415FAD8A86}.Debug|Itanium.ActiveCfg = Debug|Win32
		{03B352EB-A39A-4AB2-B7C3-42415FAD8A86}.Debug|Mixed Platforms.ActiveCfg = Debug|x64
		{03B352EB-A39A-4AB2-B7C3-42415FAD8A86}.Debug|Mixed Platforms.Build.0 = Debug|x64
		{03B352EB-A39A-4AB2-B7C3-42415FAD8A86}.Debug|Win32.ActiveCfg = Debug|x64
		{03B352EB-A39A-4AB2-B7C3-42415FAD8A86}.Debug|x64.ActiveCfg = Debug|x64
		{03B352EB-A39A-4AB2-B7C3-42415FAD8A86}.Debug|x64.Build.0 = Debug|x64
		{03B352EB-A39A-4AB2-B7C3-42415FAD8A86}.Release no DirectX|Itanium.ActiveCfg = Release no DirectX|Win32
		{03B352EB-A39A-4AB2-B7C3-42415FAD8A86}.Release no DirectX|Mixed Platforms.ActiveCfg = Release no DirectX|x64
		{03B352EB-A39A-4AB2-B7C3-42415FAD8A86}.Release no DirectX|Mixed Platforms.Build.0 = Release no DirectX|x64
		{03B352EB-A39A-4AB2-B7C3-42415FAD8A86}.Release no DirectX|Win32.ActiveCfg = Release no DirectX|x64
		{03B352EB-A39A-4AB2-B7C3-42415FAD8A86}.Release no DirectX|x64.ActiveCfg = Release no DirectX|x64
		{03B352EB-A39A-4AB2-B7C3-42415FAD8A86}.Release no DirectX|x64.Build.0 = Release no DirectX|x64
		{03B352EB-A39A-4AB2-B7C3-42415FAD8A86}.Release|Itanium.ActiveCfg = Release|Win32
		{03B352EB-A39A-4AB2-B7C3-42415FAD8A86}.Release|Mixed Platforms.ActiveCfg = Release|x64
		{03B352EB-A39A-4AB2-B7C3-42415FAD8A86}.Release|Mixed Platforms.Build.0 = Release|x64
		{03B352EB-A39A-4AB2-B7C3-42415FAD8A86}.Release|Win32.ActiveCfg = Release|x64
		{03B352EB-A39A-4AB2-B7C3-42415FAD8A86}.Release|x64.ActiveCfg = Release|x64
		{03B352EB-A39A-4AB2-B7C3-42415FAD8A86}.Release|x64.Build.0 = Release|x64
		{03B352EB-A39A-4AB2-B7C3-42415FAD8A87}.Debug no DirectX|Itanium.ActiveCfg = Debug no DirectX|Win32
		{03B352EB-A39A-4AB2-B7C3-42415FAD8A87}.Debug no DirectX|Mixed Platforms.ActiveCfg = Debug no DirectX|x64
		{03B352EB-A39A-4AB2-B7C3-42415FAD8A87}.Debug no DirectX|Mixed Platforms.Build.0 = Debug no DirectX|x64
		{03B352EB-A39A-4AB2-B7C3-42415FAD8A87}.Debug no DirectX|Win32.ActiveCfg = Debug no DirectX|x64
		{03B352EB-A39A-4AB2-B7C3-42415FAD8A87}.Debug no DirectX|x64.ActiveCfg = Debug no DirectX|x64
		{03B352EB-A39A-4AB2-B7C3-42415FAD8A87}.Debug no DirectX|x64.Build.0 = Debug no DirectX|x64
		{03B352EB-A39A-4AB2-B7C3-42415FAD8A87}.Debug|Itanium.ActiveCfg = Debug|Win32
		{03B352EB-A39A-4AB2-B7C3-42415FAD8A87}.Debug|Mixed Platforms.ActiveCfg = Debug|x64
		{03B352EB-A39A-4AB2-B7C3-42415FAD8A87}.Debug|Mixed Platforms.Build.0 = Debug|x64
		{03B352EB-A39A-4AB2-B7C3-42415FAD8A87}.Debug|Win32.ActiveCfg = Debug|x64
		{03B352EB-A39A-4AB2-B7C3-42415FAD8A87}.Debug|x64.ActiveCfg = Debug|x64
		{03B352EB-A39A-4AB2-B7C3-42415FAD8A87}.Debug|x64.Build.0 = Debug|x64
		{03B352EB-A39A-4AB2-B7C3-42415FAD8A87}.Release no DirectX|Itanium.ActiveCfg = Release no DirectX|Win32
		{03B352EB-A39A-4AB2-B7C3-42415FAD8A87}.Release no DirectX|Mixed Platforms.ActiveCfg = Release no DirectX|x64
		{03B352EB-A39A-4AB2-B7C3-42415FAD8A87}.Release no DirectX|Mixed Platforms.Build.0 = Release no DirectX|x64
		{03B352EB-A39A-4AB2-B7C3-42415FAD8A87}.Release no DirectX|Win32.ActiveCfg = Release no DirectX|x64
		{03B352EB-A39A-4AB2-B7C3-42415FAD8A87}.Release no DirectX|x64.ActiveCfg = Release no DirectX|x64
		{03B352EB-A39A-4AB2-B7C3-42415FAD8A87}.Release no DirectX|x64.Build.0 = Release no DirectX|x64
		{03B352EB-A39A-4AB2-B7C3-42415FAD8A87}.Release|Itanium.ActiveCfg = Release|Win32
		{03B352EB-A39A-4AB2-B7C3-42415FAD8A87}.Release|Mixed Platforms.ActiveCfg = Release|x64
		{03B352EB-A39A-4AB2-B7C3-42415FAD8A87}.Release|Mixed Platforms.Build.0 = Release|x64
		{03B352EB-A39A-4AB2-B7C3-42415FAD8A87}.Release|Win32.ActiveCfg = Release|x64
		{03B352EB-A39A-4AB2-B7C3-42415FAD8A87}.Release|x64.ActiveCfg = Release|x64
		{03B352EB-A39A-4AB2-B7C3-42415FAD8A87}.Release|x64.Build.0 = Release|x64
		{03B352EB-A39A-4AB2-B7C3-42415FAD8A88}.Debug no DirectX|Itanium.ActiveCfg = Debug no DirectX|Win32
		{03B352EB-A39A-4AB2-B7C3-42415FAD8A88}.Debug no DirectX|Mixed Platforms.ActiveCfg = Debug no DirectX|x64
		{03B352EB-A39A-4AB2-B7C3-42415FAD8A88}.Debug no DirectX|Mixed Platforms.Build.0 = Debug no DirectX|x64
		{03B352EB-A39A-4AB2-B7C3-42415FAD8A88}.Debug no DirectX|Win32.ActiveCfg = Debug no DirectX|x64
		{03B352EB-A39A-4AB2-B7C3-42415FAD8A88}.Debug no DirectX|x64.ActiveCfg = Debug no DirectX|x64
		{03B352EB-A39A-4AB2-B7C3-42415FAD8A88}.Debug no DirectX|x64.Build.0 = Debug no DirectX|x64
		{03B352EB-A39A-4AB2-B7C3-42415FAD8A88}.Debug|Itanium.ActiveCfg = Debug|Win32
		{03B352EB-A39A-4AB2-B7C3-42415FAD8A88}.Debug|Mixed Platforms.ActiveCfg = Debug|x64
		{03B352EB-A39A-4AB2-B7C3-42415FAD8A88}.Debug|Mixed Platforms.Build.0 = Debug|x64
		{03B352EB-A39A-4AB2-B7C3-42415FAD8A88}.Debug|Win32.ActiveCfg = Debug|x64
		{03B352EB-A39A-4AB2-B7C3-42415FAD8A88}.Debug|x64.ActiveCfg = Debug|x64
		{03B352EB-A39A-4AB2-B7C3-42415FAD8A88}.Debug|x64.Build.0 = Debug|x64
		{03B352EB-A39A-4AB2-B7C3-42415FAD8A88}.Release no DirectX|Itanium.ActiveCfg = Release no DirectX|Win32
		{03B352EB-A39A-4AB2-B7C3-42415FAD8A88}.Release no DirectX|Mixed Platforms.ActiveCfg = Release no DirectX|x64
		{03B352EB-A39A-4AB2-B7C3-42415FAD8A88}.Release no DirectX|Mixed Platforms.Build.0 = Release no DirectX|x64
		{03B352EB-A39A-4AB2-B7C3-42415FAD8A88}.Release no DirectX|Win32.ActiveCfg = Release no DirectX|x64
		{03B352EB-A39A-4AB2-B7C3-42415FAD8A88}.Release no DirectX|x64.ActiveCfg = Release no DirectX|x64
		{03B352EB-A39A-4AB2-B7C3-42415FAD8A88}.Release no DirectX|x64.Build.0 = Release no DirectX|x64
		{03B352EB-A39A-4AB2-B7C3-42415FAD8A88}.Release|Itanium.ActiveCfg = Release|Win32
		{03B352EB-A39A-4AB2-B7C3-42415FAD8A88}.Release|Mixed Platforms.ActiveCfg = Release|x64
		{03B352EB-A39A-4AB2-B7C3-42415FAD8A88}.Release|Mixed Platforms.Build.0 = Release|x64
		{03B352EB-A39A-4AB2-B7C3-42415FAD8A88}.Release|Win32.ActiveCfg = Release|x64
		{03B352EB-A39A-4AB2-B7C3-42415FAD8A88}.Release|x64.ActiveCfg = Release|x64
		{03B352EB-A39A-4AB2-B7C3-42415FAD8A88}.Release|x64.Build.0 = Release|x64
		{C3EB8401-15D7-46AF-97D7-A6C21E77C1A5}.Debug no DirectX|Itanium.ActiveCfg = Debug no DirectX|Win32
		{C3EB8401-15D7-46AF-97D7-A6C21E77C1A5}.Debug no DirectX|Mixed Platforms.ActiveCfg = Debug no DirectX|x64
		{C3EB8401-15D7-46AF-97D7-A6C21E77C1A5}.Debug no DirectX|Mixed Platforms.Build.0 = Debug no DirectX|x64
		{C3EB8401-15D7-46AF-97D7-A6C21E77C1A5}.Debug no DirectX|Win32.ActiveCfg = Debug no DirectX|x64
		{C3EB8401-15D7-46AF-97D7-A6C21E77C1A5}.Debug no DirectX|x64.ActiveCfg = Debug no DirectX|x64
		{C3EB8401-15D7-46AF-97D7-A6C21E77C1A5}.Debug no DirectX|x64.Build.0 = Debug no DirectX|x64
		{C3EB8401-15D7-46AF-97D7-A6C21E77C1A5}.Debug|Itanium.ActiveCfg = Debug|Win32
		{C3EB8401-15D7-46AF-97D7-A6C21E77C1A5}.Debug|Mixed Platforms.ActiveCfg = Debug|x64
		{C3EB8401-15D7-46AF-97D7-A6C21E77C1A5}.Debug|Mixed Platforms.Build.0 = Debug|x64
		{C3EB8401-15D7-46AF-97D7-A6C21E77C1A5}.Debug|Win32.ActiveCfg = Debug|x64
		{C3EB8401-15D7-46AF-97D7-A6C21E77C1A5}.Debug|x64.ActiveCfg = Debug|x64
		{C3EB8401-15D7-46AF-97D7-A6C21E77C1A5}.Debug|x64.Build.0 = Debug|x64
		{C3EB8401-15D7-46AF-97D7-A6C21E77C1A5}.Release no DirectX|Itanium.ActiveCfg = Release no DirectX|Win32
		{C3EB8401-15D7-46AF-97D7-A6C21E77C1A5}.Release no DirectX|Mixed Platforms.ActiveCfg = Release no DirectX|x64
		{C3EB8401-15D7-46AF-97D7-A6C21E77C1A5}.Release no DirectX|Mixed Platforms.Build.0 = Release no DirectX|x64
		{C3EB8401-15D7-46AF-97D7-A6C21E77C1A5}.Release no DirectX|Win32.ActiveCfg = Release no DirectX|x64
		{C3EB8401-15D7-46AF-97D7-A6C21E77C1A5}.Release no DirectX|x64.ActiveCfg = Release no DirectX|x64
		{C3EB8401-15D7-46AF-97D7-A6C21E77C1A5}.Release no DirectX|x64.Build.0 = Release no DirectX|x64
		{C3EB8401-15D7-46AF-97D7-A6C21E77C1A5}.Release|Itanium.ActiveCfg = Release|Win32
		{C3EB8401-15D7-46AF-97D7-A6C21E77C1A5}.Release|Mixed Platforms.ActiveCfg = Release|x64
		{C3EB8401-15D7-46AF-97D7-A6C21E77C1A5}.Release|Mixed Platforms.Build.0 = Release|x64
		{C3EB8401-15D7-46AF-97D7-A6C21E77C1A5}.Release|Win32.ActiveCfg = Release|x64
		{C3EB8401-15D7-46AF-97D7-A6C21E77C1A5}.Release|x64.ActiveCfg = Release|x64
		{C3EB8401-15D7-46AF-97D7-A6C21E77C1A5}.Release|x64.Build.0 = Release|x64
		{73C850E8-76E5-4EB7-B5AF-423CED1B0D96}.Debug no DirectX|Itanium.ActiveCfg = Debug no DirectX|Win32
		{73C850E8-76E5-4EB7-B5AF-423CED1B0D96}.Debug no DirectX|Mixed Platforms.ActiveCfg = Debug no DirectX|x64
		{73C850E8-76E5-4EB7-B5AF-423CED1B0D96}.Debug no DirectX|Mixed Platforms.Build.0 = Debug no DirectX|x64
		{73C850E8-76E5-4EB7-B5AF-423CED1B0D96}.Debug no DirectX|Win32.ActiveCfg = Debug no DirectX|x64
		{73C850E8-76E5-4EB7-B5AF-423CED1B0D96}.Debug no DirectX|x64.ActiveCfg = Debug no DirectX|x64
		{73C850E8-76E5-4EB7-B5AF-423CED1B0D96}.Debug no DirectX|x64.Build.0 = Debug no DirectX|x64
		{73C850E8-76E5-4EB7-B5AF-423CED1B0D96}.Debug|Itanium.ActiveCfg = Debug|Win32
		{73C850E8-76E5-4EB7-B5AF-423CED1B0D96}.Debug|Mixed Platforms.ActiveCfg = Debug|x64
		{73C850E8-76E5-4EB7-B5AF-423CED1B0D96}.Debug|Mixed Platforms.Build.0 = Debug|x64
		{73C850E8-76E5-4EB7-B5AF-423CED1B0D96}.Debug|Win32.ActiveCfg = Debug|x64
		{73C850E8-76E5-4EB7-B5AF-423CED1B0D96}.Debug|x64.ActiveCfg = Debug|x64
		{73C850E8-76E5-4EB7-B5AF-423CED1B0D96}.Debug|x64.Build.0 = Debug|x64
		{73C850E8-76E5-4EB7-B5AF-423CED1B0D96}.Release no DirectX|Itanium.ActiveCfg = Release no DirectX|Win32
		{73C850E8-76E5-4EB7-B5AF-423CED1B0D96}.Release no DirectX|Mixed Platforms.ActiveCfg = Release no DirectX|x64
		{73C850E8-76E5-4EB7-B5AF-423CED1B0D96}.Release no DirectX|Mixed Platforms.Build.0 = Release no DirectX|x64
		{73C850E8-76E5-4EB7-B5AF-423CED1B0D96}.Release no DirectX|Win32.ActiveCfg = Release no DirectX|x64
		{73C850E8-76E5-4EB7-B5AF-423CED1B0D96}.Release no DirectX|x64.ActiveCfg = Release no DirectX|x64
		{73C850E8-76E5-4EB7-B5AF-423CED1B0D96}.Release no DirectX|x64.Build.0 = Release no DirectX|x64
		{73C850E8-76E5-4EB7-B5AF-423CED1B0D96}.Release|Itanium.ActiveCfg = Release|Win32
		{73C850E8-76E5-4EB7-B5AF-423CED1B0D96}.Release|Mixed Platforms.ActiveCfg = Release|x64
		{73C850E8-76E5-4EB7-B5AF-423CED1B0D96}.Release|Mixed Platforms.Build.0 = Release|x64
		{73C850E8-76E5-4EB7-B5AF-423CED1B0D96}.Release|Win32.ActiveCfg = Release|x64
		{73C850E8-76E5-4EB7-B5AF-423CED1B0D96}.Release|x64.ActiveCfg = Release|x64
		{73C850E8-76E5-4EB7-B5AF-423CED1B0D96}.Release|x64.Build.0 = Release|x64
		{00327921-E1FA-41E1-8FB5-2F0E0EF94C78}.Debug no DirectX|Itanium.ActiveCfg = Debug no DirectX|Win32
		{00327921-E1FA-41E1-8FB5-2F0E0EF94C78}.Debug no DirectX|Mixed Platforms.ActiveCfg = Debug no DirectX|x64
		{00327921-E1FA-41E1-8FB5-2F0E0EF94C78}.Debug no DirectX|Mixed Platforms.Build.0 = Debug no DirectX|x64
		{00327921-E1FA-41E1-8FB5-2F0E0EF94C78}.Debug no DirectX|Win32.ActiveCfg = Debug no DirectX|x64
		{00327921-E1FA-41E1-8FB5-2F0E0EF94C78}.Debug no DirectX|x64.ActiveCfg = Debug no DirectX|x64
		{00327921-E1FA-41E1-8FB5-2F0E0EF94C78}.Debug no DirectX|x64.Build.0 = Debug no DirectX|x64
		{00327921-E1FA-41E1-8FB5-2F0E0EF94C78}.Debug|Itanium.ActiveCfg = Debug|Win32
		{00327921-E1FA-41E1-8FB5-2F0E0EF94C78}.Debug|Mixed Platforms.ActiveCfg = Debug|x64
		{00327921-E1FA-41E1-8FB5-2F0E0EF94C78}.Debug|Mixed Platforms.Build.0 = Debug|x64
		{00327921-E1FA-41E1-8FB5-2F0E0EF94C78}.Debug|Win32.ActiveCfg = Debug|x64
		{00327921-E1FA-41E1-8FB5-2F0E0EF94C78}.Debug|x64.ActiveCfg = Debug|x64
		{00327921-E1FA-41E1-8FB5-2F0E0EF94C78}.Debug|x64.Build.0 = Debug|x64
		{00327921-E1FA-41E1-8FB5-2F0E0EF94C78}.Release no DirectX|Itanium.ActiveCfg = Release no DirectX|Win32
		{00327921-E1FA-41E1-8FB5-2F0E0EF94C78}.Release no DirectX|Mixed Platforms.ActiveCfg = Release no DirectX|x64
		{00327921-E1FA-41E1-8FB5-2F0E0EF94C78}.Release no DirectX|Mixed Platforms.Build.0 = Release no DirectX|x64
		{00327921-E1FA-41E1-8FB5-2F0E0EF94C78}.Release no DirectX|Win32.ActiveCfg = Release no DirectX|x64
		{00327921-E1FA-41E1-8FB5-2F0E0EF94C78}.Release no DirectX|x64.ActiveCfg = Release no DirectX|x64
		{00327921-E1FA-41E1-8FB5-2F0E0EF94C78}.Release no DirectX|x64.Build.0 = Release no DirectX|x64
		{00327921-E1FA-41E1-8FB5-2F0E0EF94C78}.Release|Itanium.ActiveCfg = Release|Win32
		{00327921-E1FA-41E1-8FB5-2F0E0EF94C78}.Release|Mixed Platforms.ActiveCfg = Release|x64
		{00327921-E1FA-41E1-8FB5-2F0E0EF94C78}.Release|Mixed Platforms.Build.0 = Release|x64
		{00327921-E1FA-41E1-8FB5-2F0E0EF94C78}.Release|Win32.ActiveCfg = Release|x64
		{00327921-E1FA-41E1-8FB5-2F0E0EF94C78}.Release|x64.ActiveCfg = Release|x64
		{00327921-E1FA-41E1-8FB5-2F0E0EF94C78}.Release|x64.Build.0 = Release|x64
		{0ED2E124-5786-4A02-8BE5-2DF328A1616A}.Debug no DirectX|Itanium.ActiveCfg = Debug no DirectX|Win32
		{0ED2E124-5786-4A02-8BE5-2DF328A1616A}.Debug no DirectX|Mixed Platforms.ActiveCfg = Debug no DirectX|x64
		{0ED2E124-5786-4A02-8BE5-2DF328A1616A}.Debug no DirectX|Mixed Platforms.Build.0 = Debug no DirectX|x64
		{0ED2E124-5786-4A02-8BE5-2DF328A1616A}.Debug no DirectX|Win32.ActiveCfg = Debug no DirectX|x64
		{0ED2E124-5786-4A02-8BE5-2DF328A1616A}.Debug no DirectX|x64.ActiveCfg = Debug no DirectX|x64
		{0ED2E124-5786-4A02-8BE5-2DF328A1616A}.Debug no DirectX|x64.Build.0 = Debug no DirectX|x64
		{0ED2E124-5786-4A02-8BE5-2DF328A1616A}.Debug|Itanium.ActiveCfg = Debug|Win32
		{0ED2E124-5786-4A02-8BE5-2DF328A1616A}.Debug|Mixed Platforms.ActiveCfg = Debug|x64
		{0ED2E124-5786-4A02-8BE5-2DF328A1616A}.Debug|Mixed Platforms.Build.0 = Debug|x64
		{0ED2E124-5786-4A02-8BE5-2DF328A1616A}.Debug|Win32.ActiveCfg = Debug|x64
		{0ED2E124-5786-4A02-8BE5-2DF328A1616A}.Debug|x64.ActiveCfg = Debug|x64
		{0ED2E124-5786-4A02-8BE5-2DF328A1616A}.Debug|x64.Build.0 = Debug|x64
		{0ED2E124-5786-4A02-8BE5-2DF328A1616A}.Release no DirectX|Itanium.ActiveCfg = Release no DirectX|Win32
		{0ED2E124-5786-4A02-8BE5-2DF328A1616A}.Release no DirectX|Mixed Platforms.ActiveCfg = Release no DirectX|x64
		{0ED2E124-5786-4A02-8BE5-2DF328A1616A}.Release no DirectX|Mixed Platforms.Build.0 = Release no DirectX|x64
		{0ED2E124-5786-4A02-8BE5-2DF328A1616A}.Release no DirectX|Win32.ActiveCfg = Release no DirectX|x64
		{0ED2E124-5786-4A02-8BE5-2DF328A1616A}.Release no DirectX|x64.ActiveCfg = Release no DirectX|x64
		{0ED2E124-5786-4A02-8BE5-2DF328A1616A}.Release no DirectX|x64.Build.0 = Release no DirectX|x64
		{0ED2E124-5786-4A02-8BE5-2DF328A1616A}.Release|Itanium.ActiveCfg = Release|Win32
		{0ED2E124-5786-4A02-8BE5-2DF328A1616A}.Release|Mixed Platforms.ActiveCfg = Release|x64
		{0ED2E124-5786-4A02-8BE5-2DF328A1616A}.Release|Mixed Platforms.Build.0 = Release|x64
		{0ED2E124-5786-4A02-8BE5-2DF328A1616A}.Release|Win32.ActiveCfg = Release|x64
		{0ED2E124-5786-4A02-8BE5-2DF328A1616A}.Release|x64.ActiveCfg = Release|x64
		{0ED2E124-5786-4A02-8BE5-2DF328A1616A}.Release|x64.Build.0 = Release|x64
		{423885A6-97DF-41D3-AC4C-6D5A22671A38}.Debug no DirectX|Itanium.ActiveCfg = Debug no DirectX|Win32
		{423885A6-97DF-41D3-AC4C-6D5A22671A38}.Debug no DirectX|Mixed Platforms.ActiveCfg = Debug no DirectX|x64
		{423885A6-97DF-41D3-AC4C-6D5A22671A38}.Debug no DirectX|Mixed Platforms.Build.0 = Debug no DirectX|x64
		{423885A6-97DF-41D3-AC4C-6D5A22671A38}.Debug no DirectX|Win32.ActiveCfg = Debug no DirectX|x64
		{423885A6-97DF-41D3-AC4C-6D5A22671A38}.Debug no DirectX|x64.ActiveCfg = Debug no DirectX|x64
		{423885A6-97DF-41D3-AC4C-6D5A22671A38}.Debug no DirectX|x64.Build.0 = Debug no DirectX|x64
		{423885A6-97DF-41D3-AC4C-6D5A22671A38}.Debug|Itanium.ActiveCfg = Debug|Win32
		{423885A6-97DF-41D3-AC4C-6D5A22671A38}.Debug|Mixed Platforms.ActiveCfg = Debug|x64
		{423885A6-97DF-41D3-AC4C-6D5A22671A38}.Debug|Mixed Platforms.Build.0 = Debug|x64
		{423885A6-97DF-41D3-AC4C-6D5A22671A38}.Debug|Win32.ActiveCfg = Debug|x64
		{423885A6-97DF-41D3-AC4C-6D5A22671A38}.Debug|x64.ActiveCfg = Debug|x64
		{423885A6-97DF-41D3-AC4C-6D5A22671A38}.Debug|x64.Build.0 = Debug|x64
		{423885A6-97DF-41D3-AC4C-6D5A22671A38}.Release no DirectX|Itanium.ActiveCfg = Release no DirectX|Win32
		{423885A6-97DF-41D3-AC4C-6D5A22671A38}.Release no DirectX|Mixed Platforms.ActiveCfg = Release no DirectX|x64
		{423885A6-97DF-41D3-AC4C-6D5A22671A38}.Release no DirectX|Mixed Platforms.Build.0 = Release no DirectX|x64
		{423885A6-97DF-41D3-AC4C-6D5A22671A38}.Release no DirectX|Win32.ActiveCfg = Release no DirectX|x64
		{423885A6-97DF-41D3-AC4C-6D5A22671A38}.Release no DirectX|x64.ActiveCfg = Release no DirectX|x64
		{423885A6-97DF-41D3-AC4C-6D5A22671A38}.Release no DirectX|x64.Build.0 = Release no DirectX|x64
		{423885A6-97DF-41D3-AC4C-6D5A22671A38}.Release|Itanium.ActiveCfg = Release|Win32
		{423885A6-97DF-41D3-AC4C-6D5A22671A38}.Release|Mixed Platforms.ActiveCfg = Release|x64
		{423885A6-97DF-41D3-AC4C-6D5A22671A38}.Release|Mixed Platforms.Build.0 = Release|x64
		{423885A6-97DF-41D3-AC4C-6D5A22671A38}.Release|Win32.ActiveCfg = Release|x64
		{423885A6-97DF-41D3-AC4C-6D5A22671A38}.Release|x64.ActiveCfg = Release|x64
		{423885A6-97DF-41D3-AC4C-6D5A22671A38}.Release|x64.Build.0 = Release|x64
		{A40F6FCA-4285-4C27-A914-193E0D740FFD}.Debug no DirectX|Itanium.ActiveCfg = Debug no DirectX|Win32
		{A40F6FCA-4285-4C27-A914-193E0D740FFD}.Debug no DirectX|Mixed Platforms.ActiveCfg = Debug no DirectX|x64
		{A40F6FCA-4285-4C27-A914-193E0D740FFD}.Debug no DirectX|Mixed Platforms.Build.0 = Debug no DirectX|x64
		{A40F6FCA-4285-4C27-A914-193E0D740FFD}.Debug no DirectX|Win32.ActiveCfg = Debug no DirectX|x64
		{A40F6FCA-4285-4C27-A914-193E0D740FFD}.Debug no DirectX|x64.ActiveCfg = Debug no DirectX|x64
		{A40F6FCA-4285-4C27-A914-193E0D740FFD}.Debug no DirectX|x64.Build.0 = Debug no DirectX|x64
		{A40F6FCA-4285-4C27-A914-193E0D740FFD}.Debug|Itanium.ActiveCfg = Debug|Win32
		{A40F6FCA-4285-4C27-A914-193E0D740FFD}.Debug|Mixed Platforms.ActiveCfg = Debug|x64
		{A40F6FCA-4285-4C27-A914-193E0D740FFD}.Debug|Mixed Platforms.Build.0 = Debug|x64
		{A40F6FCA-4285-4C27-A914-193E0D740FFD}.Debug|Win32.ActiveCfg = Debug|x64
		{A40F6FCA-4285-4C27-A914-193E0D740FFD}.Debug|x64.ActiveCfg = Debug|x64
		{A40F6FCA-4285-4C27-A914-193E0D740FFD}.Debug|x64.Build.0 = Debug|x64
		{A40F6FCA-4285-4C27-A914-193E0D740FFD}.Release no DirectX|Itanium.ActiveCfg = Release no DirectX|Win32
		{A40F6FCA-4285-4C27-A914-193E0D740FFD}.Release no DirectX|Mixed Platforms.ActiveCfg = Release no DirectX|x64
		{A40F6FCA-4285-4C27-A914-193E0D740FFD}.Release no DirectX|Mixed Platforms.Build.0 = Release no DirectX|x64
		{A40F6FCA-4285-4C27-A914-193E0D740FFD}.Release no DirectX|Win32.ActiveCfg = Release no DirectX|x64
		{A40F6FCA-4285-4C27-A914-193E0D740FFD}.Release no DirectX|x64.ActiveCfg = Release no DirectX|x64
		{A40F6FCA-4285-4C27-A914-193E0D740FFD}.Release no DirectX|x64.Build.0 = Release no DirectX|x64
		{A40F6FCA-4285-4C27-A914-193E0D740FFD}.Release|Itanium.ActiveCfg = Release|Win32
		{A40F6FCA-4285-4C27-A914-193E0D740FFD}.Release|Mixed Platforms.ActiveCfg = Release|x64
		{A40F6FCA-4285-4C27-A914-193E0D740FFD}.Release|Mixed Platforms.Build.0 = Release|x64
		{A40F6FCA-4285-4C27-A914-193E0D740FFD}.Release|Win32.ActiveCfg = Release|x64
		{A40F6FCA-4285-4C27-A914-193E0D740FFD}.Release|x64.ActiveCfg = Release|x64
		{A40F6FCA-4285-4C27-A914-193E0D740FFD}.Release|x64.Build.0 = Release|x64
		{7129BF37-174A-4D72-994E-9C2327FE9D61}.Debug no DirectX|Itanium.ActiveCfg = Debug no DirectX|Win32
		{7129BF37-174A-4D72-994E-9C2327FE9D61}.Debug no DirectX|Itanium.Build.0 = Debug no DirectX|Win32
		{7129BF37-174A-4D72-994E-9C2327FE9D61}.Debug no DirectX|Mixed Platforms.ActiveCfg = Debug no DirectX|Win32
		{7129BF37-174A-4D72-994E-9C2327FE9D61}.Debug no DirectX|Mixed Platforms.Build.0 = Debug no DirectX|Win32
		{7129BF37-174A-4D72-994E-9C2327FE9D61}.Debug no DirectX|Win32.ActiveCfg = Debug no DirectX|Win32
		{7129BF37-174A-4D72-994E-9C2327FE9D61}.Debug no DirectX|Win32.Build.0 = Debug no DirectX|Win32
		{7129BF37-174A-4D72-994E-9C2327FE9D61}.Debug no DirectX|x64.ActiveCfg = Debug no DirectX|Win32
		{7129BF37-174A-4D72-994E-9C2327FE9D61}.Debug|Itanium.ActiveCfg = Release|Win32
		{7129BF37-174A-4D72-994E-9C2327FE9D61}.Debug|Itanium.Build.0 = Release|Win32
		{7129BF37-174A-4D72-994E-9C2327FE9D61}.Debug|Mixed Platforms.ActiveCfg = Debug|Win32
		{7129BF37-174A-4D72-994E-9C2327FE9D61}.Debug|Mixed Platforms.Build.0 = Debug|Win32
		{7129BF37-174A-4D72-994E-9C2327FE9D61}.Debug|Win32.ActiveCfg = Debug|Win32
		{7129BF37-174A-4D72-994E-9C2327FE9D61}.Debug|Win32.Build.0 = Debug|Win32
		{7129BF37-174A-4D72-994E-9C2327FE9D61}.Debug|x64.ActiveCfg = Debug|Win32
		{7129BF37-174A-4D72-994E-9C2327FE9D61}.Debug|x64.Build.0 = Debug|Win32
		{7129BF37-174A-4D72-994E-9C2327FE9D61}.Release no DirectX|Itanium.ActiveCfg = Release no DirectX|Win32
		{7129BF37-174A-4D72-994E-9C2327FE9D61}.Release no DirectX|Itanium.Build.0 = Release no DirectX|Win32
		{7129BF37-174A-4D72-994E-9C2327FE9D61}.Release no DirectX|Mixed Platforms.ActiveCfg = Release no DirectX|Win32
		{7129BF37-174A-4D72-994E-9C2327FE9D61}.Release no DirectX|Mixed Platforms.Build.0 = Release no DirectX|Win32
		{7129BF37-174A-4D72-994E-9C2327FE9D61}.Release no DirectX|Win32.ActiveCfg = Release no DirectX|Win32
		{7129BF37-174A-4D72-994E-9C2327FE9D61}.Release no DirectX|Win32.Build.0 = Release no DirectX|Win32
		{7129BF37-174A-4D72-994E-9C2327FE9D61}.Release no DirectX|x64.ActiveCfg = Release no DirectX|Win32
		{7129BF37-174A-4D72-994E-9C2327FE9D61}.Release no DirectX|x64.Build.0 = Release no DirectX|Win32
		{7129BF37-174A-4D72-994E-9C2327FE9D61}.Release|Itanium.ActiveCfg = Release|Win32
		{7129BF37-174A-4D72-994E-9C2327FE9D61}.Release|Itanium.Build.0 = Release|Win32
		{7129BF37-174A-4D72-994E-9C2327FE9D61}.Release|Mixed Platforms.ActiveCfg = Release|Win32
		{7129BF37-174A-4D72-994E-9C2327FE9D61}.Release|Mixed Platforms.Build.0 = Release|Win32
		{7129BF37-174A-4D72-994E-9C2327FE9D61}.Release|Win32.ActiveCfg = Release|Win32
		{7129BF37-174A-4D72-994E-9C2327FE9D61}.Release|Win32.Build.0 = Release|Win32
		{7129BF37-174A-4D72-994E-9C2327FE9D61}.Release|x64.ActiveCfg = Release|Win32
		{7129BF37-174A-4D72-994E-9C2327FE9D61}.Release|x64.Build.0 = Release|Win32
		{8C0C9814-641B-44B6-84CD-25C4C54FB049}.Debug no DirectX|Itanium.ActiveCfg = Debug no DirectX|Win32
		{8C0C9814-641B-44B6-84CD-25C4C54FB049}.Debug no DirectX|Mixed Platforms.ActiveCfg = Debug no DirectX|x64
		{8C0C9814-641B-44B6-84CD-25C4C54FB049}.Debug no DirectX|Mixed Platforms.Build.0 = Debug no DirectX|x64
		{8C0C9814-641B-44B6-84CD-25C4C54FB049}.Debug no DirectX|Win32.ActiveCfg = Debug no DirectX|x64
		{8C0C9814-641B-44B6-84CD-25C4C54FB049}.Debug no DirectX|x64.ActiveCfg = Debug no DirectX|x64
		{8C0C9814-641B-44B6-84CD-25C4C54FB049}.Debug no DirectX|x64.Build.0 = Debug no DirectX|x64
		{8C0C9814-641B-44B6-84CD-25C4C54FB049}.Debug|Itanium.ActiveCfg = Debug|Win32
		{8C0C9814-641B-44B6-84CD-25C4C54FB049}.Debug|Mixed Platforms.ActiveCfg = Debug|x64
		{8C0C9814-641B-44B6-84CD-25C4C54FB049}.Debug|Mixed Platforms.Build.0 = Debug|x64
		{8C0C9814-641B-44B6-84CD-25C4C54FB049}.Debug|Win32.ActiveCfg = Debug|x64
		{8C0C9814-641B-44B6-84CD-25C4C54FB049}.Debug|x64.ActiveCfg = Debug|x64
		{8C0C9814-641B-44B6-84CD-25C4C54FB049}.Debug|x64.Build.0 = Debug|x64
		{8C0C9814-641B-44B6-84CD-25C4C54FB049}.Release no DirectX|Itanium.ActiveCfg = Release no DirectX|Win32
		{8C0C9814-641B-44B6-84CD-25C4C54FB049}.Release no DirectX|Mixed Platforms.ActiveCfg = Release no DirectX|x64
		{8C0C9814-641B-44B6-84CD-25C4C54FB049}.Release no DirectX|Mixed Platforms.Build.0 = Release no DirectX|x64
		{8C0C9814-641B-44B6-84CD-25C4C54FB049}.Release no DirectX|Win32.ActiveCfg = Release no DirectX|x64
		{8C0C9814-641B-44B6-84CD-25C4C54FB049}.Release no DirectX|x64.ActiveCfg = Release no DirectX|x64
		{8C0C9814-641B-44B6-84CD-25C4C54FB049}.Release no DirectX|x64.Build.0 = Release no DirectX|x64
		{8C0C9814-641B-44B6-84CD-25C4C54FB049}.Release|Itanium.ActiveCfg = Release|Win32
		{8C0C9814-641B-44B6-84CD-25C4C54FB049}.Release|Mixed Platforms.ActiveCfg = Release|x64
		{8C0C9814-641B-44B6-84CD-25C4C54FB049}.Release|Mixed Platforms.Build.0 = Release|x64
		{8C0C9814-641B-44B6-84CD-25C4C54FB049}.Release|Win32.ActiveCfg = Release|x64
		{8C0C9814-641B-44B6-84CD-25C4C54FB049}.Release|x64.ActiveCfg = Release|x64
		{8C0C9814-641B-44B6-84CD-25C4C54FB049}.Release|x64.Build.0 = Release|x64
		{DB527D7B-1F04-45A5-85F0-AA9E148DD748}.Debug no DirectX|Itanium.ActiveCfg = Debug no DirectX|Win32
		{DB527D7B-1F04-45A5-85F0-AA9E148DD748}.Debug no DirectX|Mixed Platforms.ActiveCfg = Debug no DirectX|x64
		{DB527D7B-1F04-45A5-85F0-AA9E148DD748}.Debug no DirectX|Mixed Platforms.Build.0 = Debug no DirectX|x64
		{DB527D7B-1F04-45A5-85F0-AA9E148DD748}.Debug no DirectX|Win32.ActiveCfg = Debug no DirectX|x64
		{DB527D7B-1F04-45A5-85F0-AA9E148DD748}.Debug no DirectX|x64.ActiveCfg = Debug no DirectX|x64
		{DB527D7B-1F04-45A5-85F0-AA9E148DD748}.Debug no DirectX|x64.Build.0 = Debug no DirectX|x64
		{DB527D7B-1F04-45A5-85F0-AA9E148DD748}.Debug|Itanium.ActiveCfg = Debug|Win32
		{DB527D7B-1F04-45A5-85F0-AA9E148DD748}.Debug|Mixed Platforms.ActiveCfg = Debug|x64
		{DB527D7B-1F04-45A5-85F0-AA9E148DD748}.Debug|Mixed Platforms.Build.0 = Debug|x64
		{DB527D7B-1F04-45A5-85F0-AA9E148DD748}.Debug|Win32.ActiveCfg = Debug|x64
		{DB527D7B-1F04-45A5-85F0-AA9E148DD748}.Debug|x64.ActiveCfg = Debug|x64
		{DB527D7B-1F04-45A5-85F0-AA9E148DD748}.Debug|x64.Build.0 = Debug|x64
		{DB527D7B-1F04-45A5-85F0-AA9E148DD748}.Release no DirectX|Itanium.ActiveCfg = Release no DirectX|Win32
		{DB527D7B-1F04-45A5-85F0-AA9E148DD748}.Release no DirectX|Mixed Platforms.ActiveCfg = Release no DirectX|x64
		{DB527D7B-1F04-45A5-85F0-AA9E148DD748}.Release no DirectX|Mixed Platforms.Build.0 = Release no DirectX|x64
		{DB527D7B-1F04-45A5-85F0-AA9E148DD748}.Release no DirectX|Win32.ActiveCfg = Release no DirectX|x64
		{DB527D7B-1F04-45A5-85F0-AA9E148DD748}.Release no DirectX|x64.ActiveCfg = Release no DirectX|x64
		{DB527D7B-1F04-45A5-85F0-AA9E148DD748}.Release no DirectX|x64.Build.0 = Release no DirectX|x64
		{DB527D7B-1F04-45A5-85F0-AA9E148DD748}.Release|Itanium.ActiveCfg = Release|Win32
		{DB527D7B-1F04-45A5-85F0-AA9E148DD748}.Release|Mixed Platforms.ActiveCfg = Release|x64
		{DB527D7B-1F04-45A5-85F0-AA9E148DD748}.Release|Mixed Platforms.Build.0 = Release|x64
		{DB527D7B-1F04-45A5-85F0-AA9E148DD748}.Release|Win32.ActiveCfg = Release|x64
		{DB527D7B-1F04-45A5-85F0-AA9E148DD748}.Release|x64.ActiveCfg = Release|x64
		{DB527D7B-1F04-45A5-85F0-AA9E148DD748}.Release|x64.Build.0 = Release|x64
		{0B4147B5-8047-40D7-9E74-2D40685C0872}.Debug no DirectX|Itanium.ActiveCfg = Debug no DirectX|Win32
		{0B4147B5-8047-40D7-9E74-2D40685C0872}.Debug no DirectX|Mixed Platforms.ActiveCfg = Debug no DirectX|x64
		{0B4147B5-8047-40D7-9E74-2D40685C0872}.Debug no DirectX|Mixed Platforms.Build.0 = Debug no DirectX|x64
		{0B4147B5-8047-40D7-9E74-2D40685C0872}.Debug no DirectX|Win32.ActiveCfg = Debug no DirectX|x64
		{0B4147B5-8047-40D7-9E74-2D40685C0872}.Debug no DirectX|x64.ActiveCfg = Debug no DirectX|x64
		{0B4147B5-8047-40D7-9E74-2D40685C0872}.Debug no DirectX|x64.Build.0 = Debug no DirectX|x64
		{0B4147B5-8047-40D7-9E74-2D40685C0872}.Debug|Itanium.ActiveCfg = Debug|Win32
		{0B4147B5-8047-40D7-9E74-2D40685C0872}.Debug|Mixed Platforms.ActiveCfg = Debug|x64
		{0B4147B5-8047-40D7-9E74-2D40685C0872}.Debug|Mixed Platforms.Build.0 = Debug|x64
		{0B4147B5-8047-40D7-9E74-2D40685C0872}.Debug|Win32.ActiveCfg = Debug|x64
		{0B4147B5-8047-40D7-9E74-2D40685C0872}.Debug|x64.ActiveCfg = Debug|x64
		{0B4147B5-8047-40D7-9E74-2D40685C0872}.Debug|x64.Build.0 = Debug|x64
		{0B4147B5-8047-40D7-9E74-2D40685C0872}.Release no DirectX|Itanium.ActiveCfg = Release no DirectX|Win32
		{0B4147B5-8047-40D7-9E74-2D40685C0872}.Release no DirectX|Mixed Platforms.ActiveCfg = Release no DirectX|x64
		{0B4147B5-8047-40D7-9E74-2D40685C0872}.Release no DirectX|Mixed Platforms.Build.0 = Release no DirectX|x64
		{0B4147B5-8047-40D7-9E74-2D40685C0872}.Release no DirectX|Win32.ActiveCfg = Release no DirectX|x64
		{0B4147B5-8047-40D7-9E74-2D40685C0872}.Release no DirectX|x64.ActiveCfg = Release no DirectX|x64
		{0B4147B5-8047-40D7-9E74-2D40685C0872}.Release no DirectX|x64.Build.0 = Release no DirectX|x64
		{0B4147B5-8047-40D7-9E74-2D40685C0872}.Release|Itanium.ActiveCfg = Release|Win32
		{0B4147B5-8047-40D7-9E74-2D40685C0872}.Release|Mixed Platforms.ActiveCfg = Release|x64
		{0B4147B5-8047-40D7-9E74-2D40685C0872}.Release|Mixed Platforms.Build.0 = Release|x64
		{0B4147B5-8047-40D7-9E74-2D40685C0872}.Release|Win32.ActiveCfg = Release|x64
		{0B4147B5-8047-40D7-9E74-2D40685C0872}.Release|x64.ActiveCfg = Release|x64
		{0B4147B5-8047-40D7-9E74-2D40685C0872}.Release|x64.Build.0 = Release|x64
		{72B67F40-EE90-4C08-8BC9-739952BBF802}.Debug no DirectX|Itanium.ActiveCfg = Debug no DirectX|Win32
		{72B67F40-EE90-4C08-8BC9-739952BBF802}.Debug no DirectX|Mixed Platforms.ActiveCfg = Debug no DirectX|x64
		{72B67F40-EE90-4C08-8BC9-739952BBF802}.Debug no DirectX|Mixed Platforms.Build.0 = Debug no DirectX|x64
		{72B67F40-EE90-4C08-8BC9-739952BBF802}.Debug no DirectX|Win32.ActiveCfg = Debug no DirectX|x64
		{72B67F40-EE90-4C08-8BC9-739952BBF802}.Debug no DirectX|x64.ActiveCfg = Debug no DirectX|x64
		{72B67F40-EE90-4C08-8BC9-739952BBF802}.Debug no DirectX|x64.Build.0 = Debug no DirectX|x64
		{72B67F40-EE90-4C08-8BC9-739952BBF802}.Debug|Itanium.ActiveCfg = Debug|Win32
		{72B67F40-EE90-4C08-8BC9-739952BBF802}.Debug|Mixed Platforms.ActiveCfg = Debug|x64
		{72B67F40-EE90-4C08-8BC9-739952BBF802}.Debug|Mixed Platforms.Build.0 = Debug|x64
		{72B67F40-EE90-4C08-8BC9-739952BBF802}.Debug|Win32.ActiveCfg = Debug|x64
		{72B67F40-EE90-4C08-8BC9-739952BBF802}.Debug|x64.ActiveCfg = Debug|x64
		{72B67F40-EE90-4C08-8BC9-739952BBF802}.Debug|x64.Build.0 = Debug|x64
		{72B67F40-EE90-4C08-8BC9-739952BBF802}.Release no DirectX|Itanium.ActiveCfg = Release no DirectX|Win32
		{72B67F40-EE90-4C08-8BC9-739952BBF802}.Release no DirectX|Mixed Platforms.ActiveCfg = Release no DirectX|x64
		{72B67F40-EE90-4C08-8BC9-739952BBF802}.Release no DirectX|Mixed Platforms.Build.0 = Release no DirectX|x64
		{72B67F40-EE90-4C08-8BC9-739952BBF802}.Release no DirectX|Win32.ActiveCfg = Release no DirectX|x64
		{72B67F40-EE90-4C08-8BC9-739952BBF802}.Release no DirectX|x64.ActiveCfg = Release no DirectX|x64
		{72B67F40-EE90-4C08-8BC9-739952BBF802}.Release no DirectX|x64.Build.0 = Release no DirectX|x64
		{72B67F40-EE90-4C08-8BC9-739952BBF802}.Release|Itanium.ActiveCfg = Release|Win32
		{72B67F40-EE90-4C08-8BC9-739952BBF802}.Release|Mixed Platforms.ActiveCfg = Release|x64
		{72B67F40-EE90-4C08-8BC9-739952BBF802}.Release|Mixed Platforms.Build.0 = Release|x64
		{72B67F40-EE90-4C08-8BC9-739952BBF802}.Release|Win32.ActiveCfg = Release|x64
		{72B67F40-EE90-4C08-8BC9-739952BBF802}.Release|x64.ActiveCfg = Release|x64
		{72B67F40-EE90-4C08-8BC9-739952BBF802}.Release|x64.Build.0 = Release|x64
		{BC6490D8-F308-4F2B-9034-90D5D5DE5CA5}.Debug no DirectX|Itanium.ActiveCfg = Debug no DirectX|Win32
		{BC6490D8-F308-4F2B-9034-90D5D5DE5CA5}.Debug no DirectX|Mixed Platforms.ActiveCfg = Debug no DirectX|x64
		{BC6490D8-F308-4F2B-9034-90D5D5DE5CA5}.Debug no DirectX|Mixed Platforms.Build.0 = Debug no DirectX|x64
		{BC6490D8-F308-4F2B-9034-90D5D5DE5CA5}.Debug no DirectX|Win32.ActiveCfg = Debug no DirectX|x64
		{BC6490D8-F308-4F2B-9034-90D5D5DE5CA5}.Debug no DirectX|x64.ActiveCfg = Debug no DirectX|x64
		{BC6490D8-F308-4F2B-9034-90D5D5DE5CA5}.Debug no DirectX|x64.Build.0 = Debug no DirectX|x64
		{BC6490D8-F308-4F2B-9034-90D5D5DE5CA5}.Debug|Itanium.ActiveCfg = Debug|Win32
		{BC6490D8-F308-4F2B-9034-90D5D5DE5CA5}.Debug|Mixed Platforms.ActiveCfg = Debug|x64
		{BC6490D8-F308-4F2B-9034-90D5D5DE5CA5}.Debug|Mixed Platforms.Build.0 = Debug|x64
		{BC6490D8-F308-4F2B-9034-90D5D5DE5CA5}.Debug|Win32.ActiveCfg = Debug|x64
		{BC6490D8-F308-4F2B-9034-90D5D5DE5CA5}.Debug|x64.ActiveCfg = Debug|x64
		{BC6490D8-F308-4F2B-9034-90D5D5DE5CA5}.Debug|x64.Build.0 = Debug|x64
		{BC6490D8-F308-4F2B-9034-90D5D5DE5CA5}.Release no DirectX|Itanium.ActiveCfg = Release no DirectX|Win32
		{BC6490D8-F308-4F2B-9034-90D5D5DE5CA5}.Release no DirectX|Mixed Platforms.ActiveCfg = Release no DirectX|x64
		{BC6490D8-F308-4F2B-9034-90D5D5DE5CA5}.Release no DirectX|Mixed Platforms.Build.0 = Release no DirectX|x64
		{BC6490D8-F308-4F2B-9034-90D5D5DE5CA5}.Release no DirectX|Win32.ActiveCfg = Release no DirectX|x64
		{BC6490D8-F308-4F2B-9034-90D5D5DE5CA5}.Release no DirectX|x64.ActiveCfg = Release no DirectX|x64
		{BC6490D8-F308-4F2B-9034-90D5D5DE5CA5}.Release no DirectX|x64.Build.0 = Release no DirectX|x64
		{BC6490D8-F308-4F2B-9034-90D5D5DE5CA5}.Release|Itanium.ActiveCfg = Release|Win32
		{BC6490D8-F308-4F2B-9034-90D5D5DE5CA5}.Release|Mixed Platforms.ActiveCfg = Release|x64
		{BC6490D8-F308-4F2B-9034-90D5D5DE5CA5}.Release|Mixed Platforms.Build.0 = Release|x64
		{BC6490D8-F308-4F2B-9034-90D5D5DE5CA5}.Release|Win32.ActiveCfg = Release|x64
		{BC6490D8-F308-4F2B-9034-90D5D5DE5CA5}.Release|x64.ActiveCfg = Release|x64
		{BC6490D8-F308-4F2B-9034-90D5D5DE5CA5}.Release|x64.Build.0 = Release|x64
		{CF04D97F-C99C-4405-B2D7-2D810F8122F9}.Debug no DirectX|Itanium.ActiveCfg = Debug no DirectX|Win32
		{CF04D97F-C99C-4405-B2D7-2D810F8122F9}.Debug no DirectX|Mixed Platforms.ActiveCfg = Debug no DirectX|x64
		{CF04D97F-C99C-4405-B2D7-2D810F8122F9}.Debug no DirectX|Mixed Platforms.Build.0 = Debug no DirectX|x64
		{CF04D97F-C99C-4405-B2D7-2D810F8122F9}.Debug no DirectX|Win32.ActiveCfg = Debug no DirectX|x64
		{CF04D97F-C99C-4405-B2D7-2D810F8122F9}.Debug no DirectX|x64.ActiveCfg = Debug no DirectX|x64
		{CF04D97F-C99C-4405-B2D7-2D810F8122F9}.Debug no DirectX|x64.Build.0 = Debug no DirectX|x64
		{CF04D97F-C99C-4405-B2D7-2D810F8122F9}.Debug|Itanium.ActiveCfg = Debug|Win32
		{CF04D97F-C99C-4405-B2D7-2D810F8122F9}.Debug|Mixed Platforms.ActiveCfg = Debug|x64
		{CF04D97F-C99C-4405-B2D7-2D810F8122F9}.Debug|Mixed Platforms.Build.0 = Debug|x64
		{CF04D97F-C99C-4405-B2D7-2D810F8122F9}.Debug|Win32.ActiveCfg = Debug|x64
		{CF04D97F-C99C-4405-B2D7-2D810F8122F9}.Debug|x64.ActiveCfg = Debug|x64
		{CF04D97F-C99C-4405-B2D7-2D810F8122F9}.Debug|x64.Build.0 = Debug|x64
		{CF04D97F-C99C-4405-B2D7-2D810F8122F9}.Release no DirectX|Itanium.ActiveCfg = Release no DirectX|Win32
		{CF04D97F-C99C-4405-B2D7-2D810F8122F9}.Release no DirectX|Mixed Platforms.ActiveCfg = Release no DirectX|x64
		{CF04D97F-C99C-4405-B2D7-2D810F8122F9}.Release no DirectX|Mixed Platforms.Build.0 = Release no DirectX|x64
		{CF04D97F-C99C-4405-B2D7-2D810F8122F9}.Release no DirectX|Win32.ActiveCfg = Release no DirectX|x64
		{CF04D97F-C99C-4405-B2D7-2D810F8122F9}.Release no DirectX|x64.ActiveCfg = Release no DirectX|x64
		{CF04D97F-C99C-4405-B2D7-2D810F8122F9}.Release no DirectX|x64.Build.0 = Release no DirectX|x64
		{CF04D97F-C99C-4405-B2D7-2D810F8122F9}.Release|Itanium.ActiveCfg = Release|Win32
		{CF04D97F-C99C-4405-B2D7-2D810F8122F9}.Release|Mixed Platforms.ActiveCfg = Release|x64
		{CF04D97F-C99C-4405-B2D7-2D810F8122F9}.Release|Mixed Platforms.Build.0 = Release|x64
		{CF04D97F-C99C-4405-B2D7-2D810F8122F9}.Release|Win32.ActiveCfg = Release|x64
		{CF04D97F-C99C-4405-B2D7-2D810F8122F9}.Release|x64.ActiveCfg = Release|x64
		{CF04D97F-C99C-4405-B2D7-2D810F8122F9}.Release|x64.Build.0 = Release|x64
		{AE88D35B-0284-48F0-B5EC-CB8169E85A2A}.Debug no DirectX|Itanium.ActiveCfg = Debug no DirectX|Win32
		{AE88D35B-0284-48F0-B5EC-CB8169E85A2A}.Debug no DirectX|Mixed Platforms.ActiveCfg = Debug no DirectX|x64
		{AE88D35B-0284-48F0-B5EC-CB8169E85A2A}.Debug no DirectX|Mixed Platforms.Build.0 = Debug no DirectX|x64
		{AE88D35B-0284-48F0-B5EC-CB8169E85A2A}.Debug no DirectX|Win32.ActiveCfg = Debug no DirectX|x64
		{AE88D35B-0284-48F0-B5EC-CB8169E85A2A}.Debug no DirectX|x64.ActiveCfg = Debug no DirectX|x64
		{AE88D35B-0284-48F0-B5EC-CB8169E85A2A}.Debug no DirectX|x64.Build.0 = Debug no DirectX|x64
		{AE88D35B-0284-48F0-B5EC-CB8169E85A2A}.Debug|Itanium.ActiveCfg = Debug|Win32
		{AE88D35B-0284-48F0-B5EC-CB8169E85A2A}.Debug|Mixed Platforms.ActiveCfg = Debug|x64
		{AE88D35B-0284-48F0-B5EC-CB8169E85A2A}.Debug|Mixed Platforms.Build.0 = Debug|x64
		{AE88D35B-0284-48F0-B5EC-CB8169E85A2A}.Debug|Win32.ActiveCfg = Debug|x64
		{AE88D35B-0284-48F0-B5EC-CB8169E85A2A}.Debug|x64.ActiveCfg = Debug|x64
		{AE88D35B-0284-48F0-B5EC-CB8169E85A2A}.Debug|x64.Build.0 = Debug|x64
		{AE88D35B-0284-48F0-B5EC-CB8169E85A2A}.Release no DirectX|Itanium.ActiveCfg = Release no DirectX|Win32
		{AE88D35B-0284-48F0-B5EC-CB8169E85A2A}.Release no DirectX|Mixed Platforms.ActiveCfg = Release no DirectX|x64
		{AE88D35B-0284-48F0-B5EC-CB8169E85A2A}.Release no DirectX|Mixed Platforms.Build.0 = Release no DirectX|x64
		{AE88D35B-0284-48F0-B5EC-CB8169E85A2A}.Release no DirectX|Win32.ActiveCfg = Release no DirectX|x64
		{AE88D35B-0284-48F0-B5EC-CB8169E85A2A}.Release no DirectX|x64.ActiveCfg = Release no DirectX|x64
		{AE88D35B-0284-48F0-B5EC-CB8169E85A2A}.Release no DirectX|x64.Build.0 = Release no DirectX|x64
		{AE88D35B-0284-48F0-B5EC-CB8169E85A2A}.Release|Itanium.ActiveCfg = Release|Win32
		{AE88D35B-0284-48F0-B5EC-CB8169E85A2A}.Release|Mixed Platforms.ActiveCfg = Release|x64
		{AE88D35B-0284-48F0-B5EC-CB8169E85A2A}.Release|Mixed Platforms.Build.0 = Release|x64
		{AE88D35B-0284-48F0-B5EC-CB8169E85A2A}.Release|Win32.ActiveCfg = Release|x64
		{AE88D35B-0284-48F0-B5EC-CB8169E85A2A}.Release|x64.ActiveCfg = Release|x64
		{AE88D35B-0284-48F0-B5EC-CB8169E85A2A}.Release|x64.Build.0 = Release|x64
		{0ED2E124-5786-4A02-8BE5-2DF328A1616B}.Debug no DirectX|Itanium.ActiveCfg = Debug no DirectX|Win32
		{0ED2E124-5786-4A02-8BE5-2DF328A1616B}.Debug no DirectX|Mixed Platforms.ActiveCfg = Debug no DirectX|x64
		{0ED2E124-5786-4A02-8BE5-2DF328A1616B}.Debug no DirectX|Mixed Platforms.Build.0 = Debug no DirectX|x64
		{0ED2E124-5786-4A02-8BE5-2DF328A1616B}.Debug no DirectX|Win32.ActiveCfg = Debug no DirectX|x64
		{0ED2E124-5786-4A02-8BE5-2DF328A1616B}.Debug no DirectX|x64.ActiveCfg = Debug no DirectX|x64
		{0ED2E124-5786-4A02-8BE5-2DF328A1616B}.Debug no DirectX|x64.Build.0 = Debug no DirectX|x64
		{0ED2E124-5786-4A02-8BE5-2DF328A1616B}.Debug|Itanium.ActiveCfg = Debug|Win32
		{0ED2E124-5786-4A02-8BE5-2DF328A1616B}.Debug|Mixed Platforms.ActiveCfg = Debug|x64
		{0ED2E124-5786-4A02-8BE5-2DF328A1616B}.Debug|Mixed Platforms.Build.0 = Debug|x64
		{0ED2E124-5786-4A02-8BE5-2DF328A1616B}.Debug|Win32.ActiveCfg = Debug|x64
		{0ED2E124-5786-4A02-8BE5-2DF328A1616B}.Debug|x64.ActiveCfg = Debug|x64
		{0ED2E124-5786-4A02-8BE5-2DF328A1616B}.Debug|x64.Build.0 = Debug|x64
		{0ED2E124-5786-4A02-8BE5-2DF328A1616B}.Release no DirectX|Itanium.ActiveCfg = Release no DirectX|Win32
		{0ED2E124-5786-4A02-8BE5-2DF328A1616B}.Release no DirectX|Mixed Platforms.ActiveCfg = Release no DirectX|x64
		{0ED2E124-5786-4A02-8BE5-2DF328A1616B}.Release no DirectX|Mixed Platforms.Build.0 = Release no DirectX|x64
		{0ED2E124-5786-4A02-8BE5-2DF328A1616B}.Release no DirectX|Win32.ActiveCfg = Release no DirectX|x64
		{0ED2E124-5786-4A02-8BE5-2DF328A1616B}.Release no DirectX|x64.ActiveCfg = Release no DirectX|x64
		{0ED2E124-5786-4A02-8BE5-2DF328A1616B}.Release no DirectX|x64.Build.0 = Release no DirectX|x64
		{0ED2E124-5786-4A02-8BE5-2DF328A1616B}.Release|Itanium.ActiveCfg = Release|Win32
		{0ED2E124-5786-4A02-8BE5-2DF328A1616B}.Release|Mixed Platforms.ActiveCfg = Release|x64
		{0ED2E124-5786-4A02-8BE5-2DF328A1616B}.Release|Mixed Platforms.Build.0 = Release|x64
		{0ED2E124-5786-4A02-8BE5-2DF328A1616B}.Release|Win32.ActiveCfg = Release|x64
		{0ED2E124-5786-4A02-8BE5-2DF328A1616B}.Release|x64.ActiveCfg = Release|x64
		{0ED2E124-5786-4A02-8BE5-2DF328A1616B}.Release|x64.Build.0 = Release|x64
		{EE013CA0-FCB3-477A-B387-AFD3C9252989}.Debug no DirectX|Itanium.ActiveCfg = Debug no DirectX|Win32
		{EE013CA0-FCB3-477A-B387-AFD3C9252989}.Debug no DirectX|Mixed Platforms.ActiveCfg = Debug no DirectX|x64
		{EE013CA0-FCB3-477A-B387-AFD3C9252989}.Debug no DirectX|Mixed Platforms.Build.0 = Debug no DirectX|x64
		{EE013CA0-FCB3-477A-B387-AFD3C9252989}.Debug no DirectX|Win32.ActiveCfg = Debug no DirectX|x64
		{EE013CA0-FCB3-477A-B387-AFD3C9252989}.Debug no DirectX|x64.ActiveCfg = Debug no DirectX|x64
		{EE013CA0-FCB3-477A-B387-AFD3C9252989}.Debug no DirectX|x64.Build.0 = Debug no DirectX|x64
		{EE013CA0-FCB3-477A-B387-AFD3C9252989}.Debug|Itanium.ActiveCfg = Debug|Win32
		{EE013CA0-FCB3-477A-B387-AFD3C9252989}.Debug|Mixed Platforms.ActiveCfg = Debug|x64
		{EE013CA0-FCB3-477A-B387-AFD3C9252989}.Debug|Mixed Platforms.Build.0 = Debug|x64
		{EE013CA0-FCB3-477A-B387-AFD3C9252989}.Debug|Win32.ActiveCfg = Debug|x64
		{EE013CA0-FCB3-477A-B387-AFD3C9252989}.Debug|x64.ActiveCfg = Debug|x64
		{EE013CA0-FCB3-477A-B387-AFD3C9252989}.Debug|x64.Build.0 = Debug|x64
		{EE013CA0-FCB3-477A-B387-AFD3C9252989}.Release no DirectX|Itanium.ActiveCfg = Release no DirectX|Win32
		{EE013CA0-FCB3-477A-B387-AFD3C9252989}.Release no DirectX|Mixed Platforms.ActiveCfg = Release no DirectX|x64
		{EE013CA0-FCB3-477A-B387-AFD3C9252989}.Release no DirectX|Mixed Platforms.Build.0 = Release no DirectX|x64
		{EE013CA0-FCB3-477A-B387-AFD3C9252989}.Release no DirectX|Win32.ActiveCfg = Release no DirectX|x64
		{EE013CA0-FCB3-477A-B387-AFD3C9252989}.Release no DirectX|x64.ActiveCfg = Release no DirectX|x64
		{EE013CA0-FCB3-477A-B387-AFD3C9252989}.Release no DirectX|x64.Build.0 = Release no DirectX|x64
		{EE013CA0-FCB3-477A-B387-AFD3C9252989}.Release|Itanium.ActiveCfg = Release|Win32
		{EE013CA0-FCB3-477A-B387-AFD3C9252989}.Release|Mixed Platforms.ActiveCfg = Release|x64
		{EE013CA0-FCB3-477A-B387-AFD3C9252989}.Release|Mixed Platforms.Build.0 = Release|x64
		{EE013CA0-FCB3-477A-B387-AFD3C9252989}.Release|Win32.ActiveCfg = Release|x64
		{EE013CA0-FCB3-477A-B387-AFD3C9252989}.Release|x64.ActiveCfg = Release|x64
		{EE013CA0-FCB3-477A-B387-AFD3C9252989}.Release|x64.Build.0 = Release|x64
		{F89B75C6-9292-486F-980F-8A6FF81B11D3}.Debug no DirectX|Itanium.ActiveCfg = Debug no DirectX|Win32
		{F89B75C6-9292-486F-980F-8A6FF81B11D3}.Debug no DirectX|Mixed Platforms.ActiveCfg = Debug no DirectX|x64
		{F89B75C6-9292-486F-980F-8A6FF81B11D3}.Debug no DirectX|Mixed Platforms.Build.0 = Debug no DirectX|x64
		{F89B75C6-9292-486F-980F-8A6FF81B11D3}.Debug no DirectX|Win32.ActiveCfg = Debug no DirectX|x64
		{F89B75C6-9292-486F-980F-8A6FF81B11D3}.Debug no DirectX|x64.ActiveCfg = Debug no DirectX|x64
		{F89B75C6-9292-486F-980F-8A6FF81B11D3}.Debug no DirectX|x64.Build.0 = Debug no DirectX|x64
		{F89B75C6-9292-486F-980F-8A6FF81B11D3}.Debug|Itanium.ActiveCfg = Debug|Win32
		{F89B75C6-9292-486F-980F-8A6FF81B11D3}.Debug|Mixed Platforms.ActiveCfg = Debug|x64
		{F89B75C6-9292-486F-980F-8A6FF81B11D3}.Debug|Mixed Platforms.Build.0 = Debug|x64
		{F89B75C6-9292-486F-980F-8A6FF81B11D3}.Debug|Win32.ActiveCfg = Debug|x64
		{F89B75C6-9292-486F-980F-8A6FF81B11D3}.Debug|x64.ActiveCfg = Debug|x64
		{F89B75C6-9292-486F-980F-8A6FF81B11D3}.Debug|x64.Build.0 = Debug|x64
		{F89B75C6-9292-486F-980F-8A6FF81B11D3}.Release no DirectX|Itanium.ActiveCfg = Release no DirectX|Win32
		{F89B75C6-9292-486F-980F-8A6FF81B11D3}.Release no DirectX|Mixed Platforms.ActiveCfg = Release no DirectX|x64
		{F89B75C6-9292-486F-980F-8A6FF81B11D3}.Release no DirectX|Mixed Platforms.Build.0 = Release no DirectX|x64
		{F89B75C6-9292-486F-980F-8A6FF81B11D3}.Release no DirectX|Win32.ActiveCfg = Release no DirectX|x64
		{F89B75C6-9292-486F-980F-8A6FF81B11D3}.Release no DirectX|x64.ActiveCfg = Release no DirectX|x64
		{F89B75C6-9292-486F-980F-8A6FF81B11D3}.Release no DirectX|x64.Build.0 = Release no DirectX|x64
		{F89B75C6-9292-486F-980F-8A6FF81B11D3}.Release|Itanium.ActiveCfg = Release|Win32
		{F89B75C6-9292-486F-980F-8A6FF81B11D3}.Release|Mixed Platforms.ActiveCfg = Release|x64
		{F89B75C6-9292-486F-980F-8A6FF81B11D3}.Release|Mixed Platforms.Build.0 = Release|x64
		{F89B75C6-9292-486F-980F-8A6FF81B11D3}.Release|Win32.ActiveCfg = Release|x64
		{F89B75C6-9292-486F-980F-8A6FF81B11D3}.Release|x64.ActiveCfg = Release|x64
		{F89B75C6-9292-486F-980F-8A6FF81B11D3}.Release|x64.Build.0 = Release|x64
		{0DED6E60-AFD5-4D9F-9C20-42882870CCB1}.Debug no DirectX|Itanium.ActiveCfg = Debug no DirectX|Win32
		{0DED6E60-AFD5-4D9F-9C20-42882870CCB1}.Debug no DirectX|Mixed Platforms.ActiveCfg = Debug no DirectX|x64
		{0DED6E60-AFD5-4D9F-9C20-42882870CCB1}.Debug no DirectX|Mixed Platforms.Build.0 = Debug no DirectX|x64
		{0DED6E60-AFD5-4D9F-9C20-42882870CCB1}.Debug no DirectX|Win32.ActiveCfg = Debug no DirectX|x64
		{0DED6E60-AFD5-4D9F-9C20-42882870CCB1}.Debug no DirectX|x64.ActiveCfg = Debug no DirectX|x64
		{0DED6E60-AFD5-4D9F-9C20-42882870CCB1}.Debug no DirectX|x64.Build.0 = Debug no DirectX|x64
		{0DED6E60-AFD5-4D9F-9C20-42882870CCB1}.Debug|Itanium.ActiveCfg = Debug|Win32
		{0DED6E60-AFD5-4D9F-9C20-42882870CCB1}.Debug|Mixed Platforms.ActiveCfg = Debug|x64
		{0DED6E60-AFD5-4D9F-9C20-42882870CCB1}.Debug|Mixed Platforms.Build.0 = Debug|x64
		{0DED6E60-AFD5-4D9F-9C20-42882870CCB1}.Debug|Win32.ActiveCfg = Debug|x64
		{0DED6E60-AFD5-4D9F-9C20-42882870CCB1}.Debug|x64.ActiveCfg = Debug|x64
		{0DED6E60-AFD5-4D9F-9C20-42882870CCB1}.Debug|x64.Build.0 = Debug|x64
		{0DED6E60-AFD5-4D9F-9C20-42882870CCB1}.Release no DirectX|Itanium.ActiveCfg = Release no DirectX|Win32
		{0DED6E60-AFD5-4D9F-9C20-42882870CCB1}.Release no DirectX|Mixed Platforms.ActiveCfg = Release no DirectX|x64
		{0DED6E60-AFD5-4D9F-9C20-42882870CCB1}.Release no DirectX|Mixed Platforms.Build.0 = Release no DirectX|x64
		{0DED6E60-AFD5-4D9F-9C20-42882870CCB1}.Release no DirectX|Win32.ActiveCfg = Release no DirectX|x64
		{0DED6E60-AFD5-4D9F-9C20-42882870CCB1}.Release no DirectX|x64.ActiveCfg = Release no DirectX|x64
		{0DED6E60-AFD5-4D9F-9C20-42882870CCB1}.Release no DirectX|x64.Build.0 = Release no DirectX|x64
		{0DED6E60-AFD5-4D9F-9C20-42882870CCB1}.Release|Itanium.ActiveCfg = Release|Win32
		{0DED6E60-AFD5-4D9F-9C20-42882870CCB1}.Release|Mixed Platforms.ActiveCfg = Release|x64
		{0DED6E60-AFD5-4D9F-9C20-42882870CCB1}.Release|Mixed Platforms.Build.0 = Release|x64
		{0DED6E60-AFD5-4D9F-9C20-42882870CCB1}.Release|Win32.ActiveCfg = Release|x64
		{0DED6E60-AFD5-4D9F-9C20-42882870CCB1}.Release|x64.ActiveCfg = Release|x64
		{0DED6E60-AFD5-4D9F-9C20-42882870CCB1}.Release|x64.Build.0 = Release|x64
		{B63DA67A-83FC-44F7-A368-5AC4026251A7}.Debug no DirectX|Itanium.ActiveCfg = Debug no DirectX|Win32
		{B63DA67A-83FC-44F7-A368-5AC4026251A7}.Debug no DirectX|Mixed Platforms.ActiveCfg = Debug no DirectX|x64
		{B63DA67A-83FC-44F7-A368-5AC4026251A7}.Debug no DirectX|Mixed Platforms.Build.0 = Debug no DirectX|x64
		{B63DA67A-83FC-44F7-A368-5AC4026251A7}.Debug no DirectX|Win32.ActiveCfg = Debug no DirectX|x64
		{B63DA67A-83FC-44F7-A368-5AC4026251A7}.Debug no DirectX|x64.ActiveCfg = Debug no DirectX|x64
		{B63DA67A-83FC-44F7-A368-5AC4026251A7}.Debug no DirectX|x64.Build.0 = Debug no DirectX|x64
		{B63DA67A-83FC-44F7-A368-5AC4026251A7}.Debug|Itanium.ActiveCfg = Debug|Win32
		{B63DA67A-83FC-44F7-A368-5AC4026251A7}.Debug|Mixed Platforms.ActiveCfg = Debug|x64
		{B63DA67A-83FC-44F7-A368-5AC4026251A7}.Debug|Mixed Platforms.Build.0 = Debug|x64
		{B63DA67A-83FC-44F7-A368-5AC4026251A7}.Debug|Win32.ActiveCfg = Debug|x64
		{B63DA67A-83FC-44F7-A368-5AC4026251A7}.Debug|x64.ActiveCfg = Debug|x64
		{B63DA67A-83FC-44F7-A368-5AC4026251A7}.Debug|x64.Build.0 = Debug|x64
		{B63DA67A-83FC-44F7-A368-5AC4026251A7}.Release no DirectX|Itanium.ActiveCfg = Release no DirectX|Win32
		{B63DA67A-83FC-44F7-A368-5AC4026251A7}.Release no DirectX|Mixed Platforms.ActiveCfg = Release no DirectX|x64
		{B63DA67A-83FC-44F7-A368-5AC4026251A7}.Release no DirectX|Mixed Platforms.Build.0 = Release no DirectX|x64
		{B63DA67A-83FC-44F7-A368-5AC4026251A7}.Release no DirectX|Win32.ActiveCfg = Release no DirectX|x64
		{B63DA67A-83FC-44F7-A368-5AC4026251A7}.Release no DirectX|x64.ActiveCfg = Release no DirectX|x64
		{B63DA67A-83FC-44F7-A368-5AC4026251A7}.Release no DirectX|x64.Build.0 = Release no DirectX|x64
		{B63DA67A-83FC-44F7-A368-5AC4026251A7}.Release|Itanium.ActiveCfg = Release|Win32
		{B63DA67A-83FC-44F7-A368-5AC4026251A7}.Release|Mixed Platforms.ActiveCfg = Release|x64
		{B63DA67A-83FC-44F7-A368-5AC4026251A7}.Release|Mixed Platforms.Build.0 = Release|x64
		{B63DA67A-83FC-44F7-A368-5AC4026251A7}.Release|Win32.ActiveCfg = Release|x64
		{B63DA67A-83FC-44F7-A368-5AC4026251A7}.Release|x64.ActiveCfg = Release|x64
		{B63DA67A-83FC-44F7-A368-5AC4026251A7}.Release|x64.Build.0 = Release|x64
		{7CF3660F-5A8D-4EEC-A2B3-9E34FAF267E6}.Debug no DirectX|Itanium.ActiveCfg = Debug no DirectX|Win32
		{7CF3660F-5A8D-4EEC-A2B3-9E34FAF267E6}.Debug no DirectX|Mixed Platforms.ActiveCfg = Debug no DirectX|x64
		{7CF3660F-5A8D-4EEC-A2B3-9E34FAF267E6}.Debug no DirectX|Mixed Platforms.Build.0 = Debug no DirectX|x64
		{7CF3660F-5A8D-4EEC-A2B3-9E34FAF267E6}.Debug no DirectX|Win32.ActiveCfg = Debug no DirectX|x64
		{7CF3660F-5A8D-4EEC-A2B3-9E34FAF267E6}.Debug no DirectX|x64.ActiveCfg = Debug no DirectX|x64
		{7CF3660F-5A8D-4EEC-A2B3-9E34FAF267E6}.Debug no DirectX|x64.Build.0 = Debug no DirectX|x64
		{7CF3660F-5A8D-4EEC-A2B3-9E34FAF267E6}.Debug|Itanium.ActiveCfg = Debug|Win32
		{7CF3660F-5A8D-4EEC-A2B3-9E34FAF267E6}.Debug|Mixed Platforms.ActiveCfg = Debug|x64
		{7CF3660F-5A8D-4EEC-A2B3-9E34FAF267E6}.Debug|Mixed Platforms.Build.0 = Debug|x64
		{7CF3660F-5A8D-4EEC-A2B3-9E34FAF267E6}.Debug|Win32.ActiveCfg = Debug|x64
		{7CF3660F-5A8D-4EEC-A2B3-9E34FAF267E6}.Debug|x64.ActiveCfg = Debug|x64
		{7CF3660F-5A8D-4EEC-A2B3-9E34FAF267E6}.Debug|x64.Build.0 = Debug|x64
		{7CF3660F-5A8D-4EEC-A2B3-9E34FAF267E6}.Release no DirectX|Itanium.ActiveCfg = Release no DirectX|Win32
		{7CF3660F-5A8D-4EEC-A2B3-9E34FAF267E6}.Release no DirectX|Mixed Platforms.ActiveCfg = Release no DirectX|x64
		{7CF3660F-5A8D-4EEC-A2B3-9E34FAF267E6}.Release no DirectX|Mixed Platforms.Build.0 = Release no DirectX|x64
		{7CF3660F-5A8D-4EEC-A2B3-9E34FAF267E6}.Release no DirectX|Win32.ActiveCfg = Release no DirectX|x64
		{7CF3660F-5A8D-4EEC-A2B3-9E34FAF267E6}.Release no DirectX|x64.ActiveCfg = Release no DirectX|x64
		{7CF3660F-5A8D-4EEC-A2B3-9E34FAF267E6}.Release no DirectX|x64.Build.0 = Release no DirectX|x64
		{7CF3660F-5A8D-4EEC-A2B3-9E34FAF267E6}.Release|Itanium.ActiveCfg = Release|Win32
		{7CF3660F-5A8D-4EEC-A2B3-9E34FAF267E6}.Release|Mixed Platforms.ActiveCfg = Release|x64
		{7CF3660F-5A8D-4EEC-A2B3-9E34FAF267E6}.Release|Mixed Platforms.Build.0 = Release|x64
		{7CF3660F-5A8D-4EEC-A2B3-9E34FAF267E6}.Release|Win32.ActiveCfg = Release|x64
		{7CF3660F-5A8D-4EEC-A2B3-9E34FAF267E6}.Release|x64.ActiveCfg = Release|x64
		{7CF3660F-5A8D-4EEC-A2B3-9E34FAF267E6}.Release|x64.Build.0 = Release|x64
		{3D0B54B6-104B-4716-90CA-8BB4DC375CE2}.Debug no DirectX|Itanium.ActiveCfg = Debug no DirectX|Win32
		{3D0B54B6-104B-4716-90CA-8BB4DC375CE2}.Debug no DirectX|Mixed Platforms.ActiveCfg = Debug no DirectX|x64
		{3D0B54B6-104B-4716-90CA-8BB4DC375CE2}.Debug no DirectX|Mixed Platforms.Build.0 = Debug no DirectX|x64
		{3D0B54B6-104B-4716-90CA-8BB4DC375CE2}.Debug no DirectX|Win32.ActiveCfg = Debug no DirectX|x64
		{3D0B54B6-104B-4716-90CA-8BB4DC375CE2}.Debug no DirectX|x64.ActiveCfg = Debug no DirectX|x64
		{3D0B54B6-104B-4716-90CA-8BB4DC375CE2}.Debug no DirectX|x64.Build.0 = Debug no DirectX|x64
		{3D0B54B6-104B-4716-90CA-8BB4DC375CE2}.Debug|Itanium.ActiveCfg = Debug|Win32
		{3D0B54B6-104B-4716-90CA-8BB4DC375CE2}.Debug|Mixed Platforms.ActiveCfg = Debug|x64
		{3D0B54B6-104B-4716-90CA-8BB4DC375CE2}.Debug|Mixed Platforms.Build.0 = Debug|x64
		{3D0B54B6-104B-4716-90CA-8BB4DC375CE2}.Debug|Win32.ActiveCfg = Debug|x64
		{3D0B54B6-104B-4716-90CA-8BB4DC375CE2}.Debug|x64.ActiveCfg = Debug|x64
		{3D0B54B6-104B-4716-90CA-8BB4DC375CE2}.Debug|x64.Build.0 = Debug|x64
		{3D0B54B6-104B-4716-90CA-8BB4DC375CE2}.Release no DirectX|Itanium.ActiveCfg = Release no DirectX|Win32
		{3D0B54B6-104B-4716-90CA-8BB4DC375CE2}.Release no DirectX|Mixed Platforms.ActiveCfg = Release no DirectX|x64
		{3D0B54B6-104B-4716-90CA-8BB4DC375CE2}.Release no DirectX|Mixed Platforms.Build.0 = Release no DirectX|x64
		{3D0B54B6-104B-4716-90CA-8BB4DC375CE2}.Release no DirectX|Win32.ActiveCfg = Release no DirectX|x64
		{3D0B54B6-104B-4716-90CA-8BB4DC375CE2}.Release no DirectX|x64.ActiveCfg = Release no DirectX|x64
		{3D0B54B6-104B-4716-90CA-8BB4DC375CE2}.Release no DirectX|x64.Build.0 = Release no DirectX|x64
		{3D0B54B6-104B-4716-90CA-8BB4DC375CE2}.Release|Itanium.ActiveCfg = Release|Win32
		{3D0B54B6-104B-4716-90CA-8BB4DC375CE2}.Release|Mixed Platforms.ActiveCfg = Release|x64
		{3D0B54B6-104B-4716-90CA-8BB4DC375CE2}.Release|Mixed Platforms.Build.0 = Release|x64
		{3D0B54B6-104B-4716-90CA-8BB4DC375CE2}.Release|Win32.ActiveCfg = Release|x64
		{3D0B54B6-104B-4716-90CA-8BB4DC375CE2}.Release|x64.ActiveCfg = Release|x64
		{3D0B54B6-104B-4716-90CA-8BB4DC375CE2}.Release|x64.Build.0 = Release|x64
		{CFCFE8EB-9223-4E70-BEB0-FA93180D4CA3}.Debug no DirectX|Itanium.ActiveCfg = Debug no DirectX|Win32
		{CFCFE8EB-9223-4E70-BEB0-FA93180D4CA3}.Debug no DirectX|Mixed Platforms.ActiveCfg = Debug no DirectX|x64
		{CFCFE8EB-9223-4E70-BEB0-FA93180D4CA3}.Debug no DirectX|Mixed Platforms.Build.0 = Debug no DirectX|x64
		{CFCFE8EB-9223-4E70-BEB0-FA93180D4CA3}.Debug no DirectX|Win32.ActiveCfg = Debug no DirectX|x64
		{CFCFE8EB-9223-4E70-BEB0-FA93180D4CA3}.Debug no DirectX|x64.ActiveCfg = Debug no DirectX|x64
		{CFCFE8EB-9223-4E70-BEB0-FA93180D4CA3}.Debug no DirectX|x64.Build.0 = Debug no DirectX|x64
		{CFCFE8EB-9223-4E70-BEB0-FA93180D4CA3}.Debug|Itanium.ActiveCfg = Debug|Win32
		{CFCFE8EB-9223-4E70-BEB0-FA93180D4CA3}.Debug|Mixed Platforms.ActiveCfg = Debug|x64
		{CFCFE8EB-9223-4E70-BEB0-FA93180D4CA3}.Debug|Mixed Platforms.Build.0 = Debug|x64
		{CFCFE8EB-9223-4E70-BEB0-FA93180D4CA3}.Debug|Win32.ActiveCfg = Debug|x64
		{CFCFE8EB-9223-4E70-BEB0-FA93180D4CA3}.Debug|x64.ActiveCfg = Debug|x64
		{CFCFE8EB-9223-4E70-BEB0-FA93180D4CA3}.Debug|x64.Build.0 = Debug|x64
		{CFCFE8EB-9223-4E70-BEB0-FA93180D4CA3}.Release no DirectX|Itanium.ActiveCfg = Release no DirectX|Win32
		{CFCFE8EB-9223-4E70-BEB0-FA93180D4CA3}.Release no DirectX|Mixed Platforms.ActiveCfg = Release no DirectX|x64
		{CFCFE8EB-9223-4E70-BEB0-FA93180D4CA3}.Release no DirectX|Mixed Platforms.Build.0 = Release no DirectX|x64
		{CFCFE8EB-9223-4E70-BEB0-FA93180D4CA3}.Release no DirectX|Win32.ActiveCfg = Release no DirectX|x64
		{CFCFE8EB-9223-4E70-BEB0-FA93180D4CA3}.Release no DirectX|x64.ActiveCfg = Release no DirectX|x64
		{CFCFE8EB-9223-4E70-BEB0-FA93180D4CA3}.Release no DirectX|x64.Build.0 = Release no DirectX|x64
		{CFCFE8EB-9223-4E70-BEB0-FA93180D4CA3}.Release|Itanium.ActiveCfg = Release|Win32
		{CFCFE8EB-9223-4E70-BEB0-FA93180D4CA3}.Release|Mixed Platforms.ActiveCfg = Release|x64
		{CFCFE8EB-9223-4E70-BEB0-FA93180D4CA3}.Release|Mixed Platforms.Build.0 = Release|x64
		{CFCFE8EB-9223-4E70-BEB0-FA93180D4CA3}.Release|Win32.ActiveCfg = Release|x64
		{CFCFE8EB-9223-4E70-BEB0-FA93180D4CA3}.Release|x64.ActiveCfg = Release|x64
		{CFCFE8EB-9223-4E70-BEB0-FA93180D4CA3}.Release|x64.Build.0 = Release|x64
		{F89B75C6-9292-486F-980F-8A6FF81B11C3}.Debug no DirectX|Itanium.ActiveCfg = Debug no DirectX|Win32
		{F89B75C6-9292-486F-980F-8A6FF81B11C3}.Debug no DirectX|Mixed Platforms.ActiveCfg = Debug no DirectX|x64
		{F89B75C6-9292-486F-980F-8A6FF81B11C3}.Debug no DirectX|Mixed Platforms.Build.0 = Debug no DirectX|x64
		{F89B75C6-9292-486F-980F-8A6FF81B11C3}.Debug no DirectX|Win32.ActiveCfg = Debug no DirectX|x64
		{F89B75C6-9292-486F-980F-8A6FF81B11C3}.Debug no DirectX|x64.ActiveCfg = Debug no DirectX|x64
		{F89B75C6-9292-486F-980F-8A6FF81B11C3}.Debug no DirectX|x64.Build.0 = Debug no DirectX|x64
		{F89B75C6-9292-486F-980F-8A6FF81B11C3}.Debug|Itanium.ActiveCfg = Debug|Win32
		{F89B75C6-9292-486F-980F-8A6FF81B11C3}.Debug|Mixed Platforms.ActiveCfg = Debug|x64
		{F89B75C6-9292-486F-980F-8A6FF81B11C3}.Debug|Mixed Platforms.Build.0 = Debug|x64
		{F89B75C6-9292-486F-980F-8A6FF81B11C3}.Debug|Win32.ActiveCfg = Debug|x64
		{F89B75C6-9292-486F-980F-8A6FF81B11C3}.Debug|x64.ActiveCfg = Debug|x64
		{F89B75C6-9292-486F-980F-8A6FF81B11C3}.Debug|x64.Build.0 = Debug|x64
		{F89B75C6-9292-486F-980F-8A6FF81B11C3}.Release no DirectX|Itanium.ActiveCfg = Release no DirectX|Win32
		{F89B75C6-9292-486F-980F-8A6FF81B11C3}.Release no DirectX|Mixed Platforms.ActiveCfg = Release no DirectX|x64
		{F89B75C6-9292-486F-980F-8A6FF81B11C3}.Release no DirectX|Mixed Platforms.Build.0 = Release no DirectX|x64
		{F89B75C6-9292-486F-980F-8A6FF81B11C3}.Release no DirectX|Win32.ActiveCfg = Release no DirectX|x64
		{F89B75C6-9292-486F-980F-8A6FF81B11C3}.Release no DirectX|x64.ActiveCfg = Release no DirectX|x64
		{F89B75C6-9292-486F-980F-8A6FF81B11C3}.Release no DirectX|x64.Build.0 = Release no DirectX|x64
		{F89B75C6-9292-486F-980F-8A6FF81B11C3}.Release|Itanium.ActiveCfg = Release|Win32
		{F89B75C6-9292-486F-980F-8A6FF81B11C3}.Release|Mixed Platforms.ActiveCfg = Release|x64
		{F89B75C6-9292-486F-980F-8A6FF81B11C3}.Release|Mixed Platforms.Build.0 = Release|x64
		{F89B75C6-9292-486F-980F-8A6FF81B11C3}.Release|Win32.ActiveCfg = Release|x64
		{F89B75C6-9292-486F-980F-8A6FF81B11C3}.Release|x64.ActiveCfg = Release|x64
		{F89B75C6-9292-486F-980F-8A6FF81B11C3}.Release|x64.Build.0 = Release|x64
		{FC8CC524-2B59-4BF7-846C-EC8109C5B615}.Debug no DirectX|Itanium.ActiveCfg = Debug no DirectX|Win32
		{FC8CC524-2B59-4BF7-846C-EC8109C5B615}.Debug no DirectX|Mixed Platforms.ActiveCfg = Debug no DirectX|x64
		{FC8CC524-2B59-4BF7-846C-EC8109C5B615}.Debug no DirectX|Mixed Platforms.Build.0 = Debug no DirectX|x64
		{FC8CC524-2B59-4BF7-846C-EC8109C5B615}.Debug no DirectX|Win32.ActiveCfg = Debug no DirectX|x64
		{FC8CC524-2B59-4BF7-846C-EC8109C5B615}.Debug no DirectX|x64.ActiveCfg = Debug no DirectX|x64
		{FC8CC524-2B59-4BF7-846C-EC8109C5B615}.Debug no DirectX|x64.Build.0 = Debug no DirectX|x64
		{FC8CC524-2B59-4BF7-846C-EC8109C5B615}.Debug|Itanium.ActiveCfg = Debug|Win32
		{FC8CC524-2B59-4BF7-846C-EC8109C5B615}.Debug|Mixed Platforms.ActiveCfg = Debug|x64
		{FC8CC524-2B59-4BF7-846C-EC8109C5B615}.Debug|Mixed Platforms.Build.0 = Debug|x64
		{FC8CC524-2B59-4BF7-846C-EC8109C5B615}.Debug|Win32.ActiveCfg = Debug|x64
		{FC8CC524-2B59-4BF7-846C-EC8109C5B615}.Debug|x64.ActiveCfg = Debug|x64
		{FC8CC524-2B59-4BF7-846C-EC8109C5B615}.Debug|x64.Build.0 = Debug|x64
		{FC8CC524-2B59-4BF7-846C-EC8109C5B615}.Release no DirectX|Itanium.ActiveCfg = Release no DirectX|Win32
		{FC8CC524-2B59-4BF7-846C-EC8109C5B615}.Release no DirectX|Mixed Platforms.ActiveCfg = Release no DirectX|x64
		{FC8CC524-2B59-4BF7-846C-EC8109C5B615}.Release no DirectX|Mixed Platforms.Build.0 = Release no DirectX|x64
		{FC8CC524-2B59-4BF7-846C-EC8109C5B615}.Release no DirectX|Win32.ActiveCfg = Release no DirectX|x64
		{FC8CC524-2B59-4BF7-846C-EC8109C5B615}.Release no DirectX|x64.ActiveCfg = Release no DirectX|x64
		{FC8CC524-2B59-4BF7-846C-EC8109C5B615}.Release no DirectX|x64.Build.0 = Release no DirectX|x64
		{FC8CC524-2B59-4BF7-846C-EC8109C5B615}.Release|Itanium.ActiveCfg = Release|Win32
		{FC8CC524-2B59-4BF7-846C-EC8109C5B615}.Release|Mixed Platforms.ActiveCfg = Release|x64
		{FC8CC524-2B59-4BF7-846C-EC8109C5B615}.Release|Mixed Platforms.Build.0 = Release|x64
		{FC8CC524-2B59-4BF7-846C-EC8109C5B615}.Release|Win32.ActiveCfg = Release|x64
		{FC8CC524-2B59-4BF7-846C-EC8109C5B615}.Release|x64.ActiveCfg = Release|x64
		{FC8CC524-2B59-4BF7-846C-EC8109C5B615}.Release|x64.Build.0 = Release|x64
		{76DDDC33-CD8E-40B8-8A00-8CE75C12ADDF}.Debug no DirectX|Itanium.ActiveCfg = Debug no DirectX|Win32
		{76DDDC33-CD8E-40B8-8A00-8CE75C12ADDF}.Debug no DirectX|Mixed Platforms.ActiveCfg = Debug no DirectX|x64
		{76DDDC33-CD8E-40B8-8A00-8CE75C12ADDF}.Debug no DirectX|Mixed Platforms.Build.0 = Debug no DirectX|x64
		{76DDDC33-CD8E-40B8-8A00-8CE75C12ADDF}.Debug no DirectX|Win32.ActiveCfg = Debug no DirectX|x64
		{76DDDC33-CD8E-40B8-8A00-8CE75C12ADDF}.Debug no DirectX|x64.ActiveCfg = Debug no DirectX|x64
		{76DDDC33-CD8E-40B8-8A00-8CE75C12ADDF}.Debug no DirectX|x64.Build.0 = Debug no DirectX|x64
		{76DDDC33-CD8E-40B8-8A00-8CE75C12ADDF}.Debug|Itanium.ActiveCfg = Debug|Win32
		{76DDDC33-CD8E-40B8-8A00-8CE75C12ADDF}.Debug|Mixed Platforms.ActiveCfg = Debug|x64
		{76DDDC33-CD8E-40B8-8A00-8CE75C12ADDF}.Debug|Mixed Platforms.Build.0 = Debug|x64
		{76DDDC33-CD8E-40B8-8A00-8CE75C12ADDF}.Debug|Win32.ActiveCfg = Debug|x64
		{76DDDC33-CD8E-40B8-8A00-8CE75C12ADDF}.Debug|x64.ActiveCfg = Debug|x64
		{76DDDC33-CD8E-40B8-8A00-8CE75C12ADDF}.Debug|x64.Build.0 = Debug|x64
		{76DDDC33-CD8E-40B8-8A00-8CE75C12ADDF}.Release no DirectX|Itanium.ActiveCfg = Release no DirectX|Win32
		{76DDDC33-CD8E-40B8-8A00-8CE75C12ADDF}.Release no DirectX|Mixed Platforms.ActiveCfg = Release no DirectX|x64
		{76DDDC33-CD8E-40B8-8A00-8CE75C12ADDF}.Release no DirectX|Mixed Platforms.Build.0 = Release no DirectX|x64
		{76DDDC33-CD8E-40B8-8A00-8CE75C12ADDF}.Release no DirectX|Win32.ActiveCfg = Release no DirectX|x64
		{76DDDC33-CD8E-40B8-8A00-8CE75C12ADDF}.Release no DirectX|x64.ActiveCfg = Release no DirectX|x64
		{76DDDC33-CD8E-40B8-8A00-8CE75C12ADDF}.Release no DirectX|x64.Build.0 = Release no DirectX|x64
		{76DDDC33-CD8E-40B8-8A00-8CE75C12ADDF}.Release|Itanium.ActiveCfg = Release|Win32
		{76DDDC33-CD8E-40B8-8A00-8CE75C12ADDF}.Release|Mixed Platforms.ActiveCfg = Release|x64
		{76DDDC33-CD8E-40B8-8A00-8CE75C12ADDF}.Release|Mixed Platforms.Build.0 = Release|x64
		{76DDDC33-CD8E-40B8-8A00-8CE75C12ADDF}.Release|Win32.ActiveCfg = Release|x64
		{76DDDC33-CD8E-40B8-8A00-8CE75C12ADDF}.Release|x64.ActiveCfg = Release|x64
		{76DDDC33-CD8E-40B8-8A00-8CE75C12ADDF}.Release|x64.Build.0 = Release|x64
		{AEC70508-1A9B-4968-87C9-42EFEA706999}.Debug no DirectX|Itanium.ActiveCfg = Debug no DirectX|Win32
		{AEC70508-1A9B-4968-87C9-42EFEA706999}.Debug no DirectX|Mixed Platforms.ActiveCfg = Debug no DirectX|x64
		{AEC70508-1A9B-4968-87C9-42EFEA706999}.Debug no DirectX|Mixed Platforms.Build.0 = Debug no DirectX|x64
		{AEC70508-1A9B-4968-87C9-42EFEA706999}.Debug no DirectX|Win32.ActiveCfg = Debug no DirectX|x64
		{AEC70508-1A9B-4968-87C9-42EFEA706999}.Debug no DirectX|x64.ActiveCfg = Debug no DirectX|x64
		{AEC70508-1A9B-4968-87C9-42EFEA706999}.Debug no DirectX|x64.Build.0 = Debug no DirectX|x64
		{AEC70508-1A9B-4968-87C9-42EFEA706999}.Debug|Itanium.ActiveCfg = Debug|Win32
		{AEC70508-1A9B-4968-87C9-42EFEA706999}.Debug|Mixed Platforms.ActiveCfg = Debug|x64
		{AEC70508-1A9B-4968-87C9-42EFEA706999}.Debug|Mixed Platforms.Build.0 = Debug|x64
		{AEC70508-1A9B-4968-87C9-42EFEA706999}.Debug|Win32.ActiveCfg = Debug|x64
		{AEC70508-1A9B-4968-87C9-42EFEA706999}.Debug|x64.ActiveCfg = Debug|x64
		{AEC70508-1A9B-4968-87C9-42EFEA706999}.Debug|x64.Build.0 = Debug|x64
		{AEC70508-1A9B-4968-87C9-42EFEA706999}.Release no DirectX|Itanium.ActiveCfg = Release no DirectX|Win32
		{AEC70508-1A9B-4968-87C9-42EFEA706999}.Release no DirectX|Mixed Platforms.ActiveCfg = Release no DirectX|x64
		{AEC70508-1A9B-4968-87C9-42EFEA706999}.Release no DirectX|Mixed Platforms.Build.0 = Release no DirectX|x64
		{AEC70508-1A9B-4968-87C9-42EFEA706999}.Release no DirectX|Win32.ActiveCfg = Release no DirectX|x64
		{AEC70508-1A9B-4968-87C9-42EFEA706999}.Release no DirectX|x64.ActiveCfg = Release no DirectX|x64
		{AEC70508-1A9B-4968-87C9-42EFEA706999}.Release no DirectX|x64.Build.0 = Release no DirectX|x64
		{AEC70508-1A9B-4968-87C9-42EFEA706999}.Release|Itanium.ActiveCfg = Release|Win32
		{AEC70508-1A9B-4968-87C9-42EFEA706999}.Release|Mixed Platforms.ActiveCfg = Release|x64
		{AEC70508-1A9B-4968-87C9-42EFEA706999}.Release|Mixed Platforms.Build.0 = Release|x64
		{AEC70508-1A9B-4968-87C9-42EFEA706999}.Release|Win32.ActiveCfg = Release|x64
		{AEC70508-1A9B-4968-87C9-42EFEA706999}.Release|x64.ActiveCfg = Release|x64
		{AEC70508-1A9B-4968-87C9-42EFEA706999}.Release|x64.Build.0 = Release|x64
		{6CA8C6D2-157C-43D8-9368-5E9C52ABC048}.Debug no DirectX|Itanium.ActiveCfg = Debug no DirectX|Win32
		{6CA8C6D2-157C-43D8-9368-5E9C52ABC048}.Debug no DirectX|Mixed Platforms.ActiveCfg = Debug no DirectX|x64
		{6CA8C6D2-157C-43D8-9368-5E9C52ABC048}.Debug no DirectX|Mixed Platforms.Build.0 = Debug no DirectX|x64
		{6CA8C6D2-157C-43D8-9368-5E9C52ABC048}.Debug no DirectX|Win32.ActiveCfg = Debug no DirectX|x64
		{6CA8C6D2-157C-43D8-9368-5E9C52ABC048}.Debug no DirectX|x64.ActiveCfg = Debug no DirectX|x64
		{6CA8C6D2-157C-43D8-9368-5E9C52ABC048}.Debug no DirectX|x64.Build.0 = Debug no DirectX|x64
		{6CA8C6D2-157C-43D8-9368-5E9C52ABC048}.Debug|Itanium.ActiveCfg = Debug|Win32
		{6CA8C6D2-157C-43D8-9368-5E9C52ABC048}.Debug|Mixed Platforms.ActiveCfg = Debug|x64
		{6CA8C6D2-157C-43D8-9368-5E9C52ABC048}.Debug|Mixed Platforms.Build.0 = Debug|x64
		{6CA8C6D2-157C-43D8-9368-5E9C52ABC048}.Debug|Win32.ActiveCfg = Debug|x64
		{6CA8C6D2-157C-43D8-9368-5E9C52ABC048}.Debug|x64.ActiveCfg = Debug|x64
		{6CA8C6D2-157C-43D8-9368-5E9C52ABC048}.Debug|x64.Build.0 = Debug|x64
		{6CA8C6D2-157C-43D8-9368-5E9C52ABC048}.Release no DirectX|Itanium.ActiveCfg = Release no DirectX|Win32
		{6CA8C6D2-157C-43D8-9368-5E9C52ABC048}.Release no DirectX|Mixed Platforms.ActiveCfg = Release no DirectX|x64
		{6CA8C6D2-157C-43D8-9368-5E9C52ABC048}.Release no DirectX|Mixed Platforms.Build.0 = Release no DirectX|x64
		{6CA8C6D2-157C-43D8-9368-5E9C52ABC048}.Release no DirectX|Win32.ActiveCfg = Release no DirectX|x64
		{6CA8C6D2-157C-43D8-9368-5E9C52ABC048}.Release no DirectX|x64.ActiveCfg = Release no DirectX|x64
		{6CA8C6D2-157C-43D8-9368-5E9C52ABC048}.Release no DirectX|x64.Build.0 = Release no DirectX|x64
		{6CA8C6D2-157C-43D8-9368-5E9C52ABC048}.Release|Itanium.ActiveCfg = Release|Win32
		{6CA8C6D2-157C-43D8-9368-5E9C52ABC048}.Release|Mixed Platforms.ActiveCfg = Release|x64
		{6CA8C6D2-157C-43D8-9368-5E9C52ABC048}.Release|Mixed Platforms.Build.0 = Release|x64
		{6CA8C6D2-157C-43D8-9368-5E9C52ABC048}.Release|Win32.ActiveCfg = Release|x64
		{6CA8C6D2-157C-43D8-9368-5E9C52ABC048}.Release|x64.ActiveCfg = Release|x64
		{6CA8C6D2-157C-43D8-9368-5E9C52ABC048}.Release|x64.Build.0 = Release|x64
		{C61A260C-0E95-47CE-BE6E-9DD8E4AB666E}.Debug no DirectX|Itanium.ActiveCfg = Debug no DirectX|Win32
		{C61A260C-0E95-47CE-BE6E-9DD8E4AB666E}.Debug no DirectX|Mixed Platforms.ActiveCfg = Debug no DirectX|x64
		{C61A260C-0E95-47CE-BE6E-9DD8E4AB666E}.Debug no DirectX|Mixed Platforms.Build.0 = Debug no DirectX|x64
		{C61A260C-0E95-47CE-BE6E-9DD8E4AB666E}.Debug no DirectX|Win32.ActiveCfg = Debug no DirectX|x64
		{C61A260C-0E95-47CE-BE6E-9DD8E4AB666E}.Debug no DirectX|x64.ActiveCfg = Debug no DirectX|x64
		{C61A260C-0E95-47CE-BE6E-9DD8E4AB666E}.Debug no DirectX|x64.Build.0 = Debug no DirectX|x64
		{C61A260C-0E95-47CE-BE6E-9DD8E4AB666E}.Debug|Itanium.ActiveCfg = Debug|Win32
		{C61A260C-0E95-47CE-BE6E-9DD8E4AB666E}.Debug|Mixed Platforms.ActiveCfg = Debug|x64
		{C61A260C-0E95-47CE-BE6E-9DD8E4AB666E}.Debug|Mixed Platforms.Build.0 = Debug|x64
		{C61A260C-0E95-47CE-BE6E-9DD8E4AB666E}.Debug|Win32.ActiveCfg = Debug|x64
		{C61A260C-0E95-47CE-BE6E-9DD8E4AB666E}.Debug|x64.ActiveCfg = Debug|x64
		{C61A260C-0E95-47CE-BE6E-9DD8E4AB666E}.Debug|x64.Build.0 = Debug|x64
		{C61A260C-0E95-47CE-BE6E-9DD8E4AB666E}.Release no DirectX|Itanium.ActiveCfg = Release no DirectX|Win32
		{C61A260C-0E95-47CE-BE6E-9DD8E4AB666E}.Release no DirectX|Mixed Platforms.ActiveCfg = Release no DirectX|x64
		{C61A260C-0E95-47CE-BE6E-9DD8E4AB666E}.Release no DirectX|Mixed Platforms.Build.0 = Release no DirectX|x64
		{C61A260C-0E95-47CE-BE6E-9DD8E4AB666E}.Release no DirectX|Win32.ActiveCfg = Release no DirectX|x64
		{C61A260C-0E95-47CE-BE6E-9DD8E4AB666E}.Release no DirectX|x64.ActiveCfg = Release no DirectX|x64
		{C61A260C-0E95-47CE-BE6E-9DD8E4AB666E}.Release no DirectX|x64.Build.0 = Release no DirectX|x64
		{C61A260C-0E95-47CE-BE6E-9DD8E4AB666E}.Release|Itanium.ActiveCfg = Release|Win32
		{C61A260C-0E95-47CE-BE6E-9DD8E4AB666E}.Release|Mixed Platforms.ActiveCfg = Release|x64
		{C61A260C-0E95-47CE-BE6E-9DD8E4AB666E}.Release|Mixed Platforms.Build.0 = Release|x64
		{C61A260C-0E95-47CE-BE6E-9DD8E4AB666E}.Release|Win32.ActiveCfg = Release|x64
		{C61A260C-0E95-47CE-BE6E-9DD8E4AB666E}.Release|x64.ActiveCfg = Release|x64
		{C61A260C-0E95-47CE-BE6E-9DD8E4AB666E}.Release|x64.Build.0 = Release|x64
		{3F1CB289-B380-43A9-AB8B-4AC48CE6D0A4}.Debug no DirectX|Itanium.ActiveCfg = Debug no DirectX|Win32
		{3F1CB289-B380-43A9-AB8B-4AC48CE6D0A4}.Debug no DirectX|Mixed Platforms.ActiveCfg = Debug no DirectX|x64
		{3F1CB289-B380-43A9-AB8B-4AC48CE6D0A4}.Debug no DirectX|Mixed Platforms.Build.0 = Debug no DirectX|x64
		{3F1CB289-B380-43A9-AB8B-4AC48CE6D0A4}.Debug no DirectX|Win32.ActiveCfg = Debug no DirectX|x64
		{3F1CB289-B380-43A9-AB8B-4AC48CE6D0A4}.Debug no DirectX|x64.ActiveCfg = Debug no DirectX|x64
		{3F1CB289-B380-43A9-AB8B-4AC48CE6D0A4}.Debug no DirectX|x64.Build.0 = Debug no DirectX|x64
		{3F1CB289-B380-43A9-AB8B-4AC48CE6D0A4}.Debug|Itanium.ActiveCfg = Debug|Win32
		{3F1CB289-B380-43A9-AB8B-4AC48CE6D0A4}.Debug|Mixed Platforms.ActiveCfg = Debug|x64
		{3F1CB289-B380-43A9-AB8B-4AC48CE6D0A4}.Debug|Mixed Platforms.Build.0 = Debug|x64
		{3F1CB289-B380-43A9-AB8B-4AC48CE6D0A4}.Debug|Win32.ActiveCfg = Debug|x64
		{3F1CB289-B380-43A9-AB8B-4AC48CE6D0A4}.Debug|x64.ActiveCfg = Debug|x64
		{3F1CB289-B380-43A9-AB8B-4AC48CE6D0A4}.Debug|x64.Build.0 = Debug|x64
		{3F1CB289-B380-43A9-AB8B-4AC48CE6D0A4}.Release no DirectX|Itanium.ActiveCfg = Release no DirectX|Win32
		{3F1CB289-B380-43A9-AB8B-4AC48CE6D0A4}.Release no DirectX|Mixed Platforms.ActiveCfg = Release no DirectX|x64
		{3F1CB289-B380-43A9-AB8B-4AC48CE6D0A4}.Release no DirectX|Mixed Platforms.Build.0 = Release no DirectX|x64
		{3F1CB289-B380-43A9-AB8B-4AC48CE6D0A4}.Release no DirectX|Win32.ActiveCfg = Release no DirectX|x64
		{3F1CB289-B380-43A9-AB8B-4AC48CE6D0A4}.Release no DirectX|x64.ActiveCfg = Release no DirectX|x64
		{3F1CB289-B380-43A9-AB8B-4AC48CE6D0A4}.Release no DirectX|x64.Build.0 = Release no DirectX|x64
		{3F1CB289-B380-43A9-AB8B-4AC48CE6D0A4}.Release|Itanium.ActiveCfg = Release|Win32
		{3F1CB289-B380-43A9-AB8B-4AC48CE6D0A4}.Release|Mixed Platforms.ActiveCfg = Release|x64
		{3F1CB289-B380-43A9-AB8B-4AC48CE6D0A4}.Release|Mixed Platforms.Build.0 = Release|x64
		{3F1CB289-B380-43A9-AB8B-4AC48CE6D0A4}.Release|Win32.ActiveCfg = Release|x64
		{3F1CB289-B380-43A9-AB8B-4AC48CE6D0A4}.Release|x64.ActiveCfg = Release|x64
		{3F1CB289-B380-43A9-AB8B-4AC48CE6D0A4}.Release|x64.Build.0 = Release|x64
		{C99ABD62-30E6-4AEE-82D6-1B5069021C42}.Debug no DirectX|Itanium.ActiveCfg = Debug no DirectX|Win32
		{C99ABD62-30E6-4AEE-82D6-1B5069021C42}.Debug no DirectX|Mixed Platforms.ActiveCfg = Debug no DirectX|x64
		{C99ABD62-30E6-4AEE-82D6-1B5069021C42}.Debug no DirectX|Mixed Platforms.Build.0 = Debug no DirectX|x64
		{C99ABD62-30E6-4AEE-82D6-1B5069021C42}.Debug no DirectX|Win32.ActiveCfg = Debug no DirectX|x64
		{C99ABD62-30E6-4AEE-82D6-1B5069021C42}.Debug no DirectX|x64.ActiveCfg = Debug no DirectX|x64
		{C99ABD62-30E6-4AEE-82D6-1B5069021C42}.Debug no DirectX|x64.Build.0 = Debug no DirectX|x64
		{C99ABD62-30E6-4AEE-82D6-1B5069021C42}.Debug|Itanium.ActiveCfg = Debug|Win32
		{C99ABD62-30E6-4AEE-82D6-1B5069021C42}.Debug|Mixed Platforms.ActiveCfg = Debug|x64
		{C99ABD62-30E6-4AEE-82D6-1B5069021C42}.Debug|Mixed Platforms.Build.0 = Debug|x64
		{C99ABD62-30E6-4AEE-82D6-1B5069021C42}.Debug|Win32.ActiveCfg = Debug|x64
		{C99ABD62-30E6-4AEE-82D6-1B5069021C42}.Debug|x64.ActiveCfg = Debug|x64
		{C99ABD62-30E6-4AEE-82D6-1B5069021C42}.Debug|x64.Build.0 = Debug|x64
		{C99ABD62-30E6-4AEE-82D6-1B5069021C42}.Release no DirectX|Itanium.ActiveCfg = Release no DirectX|Win32
		{C99ABD62-30E6-4AEE-82D6-1B5069021C42}.Release no DirectX|Mixed Platforms.ActiveCfg = Release no DirectX|x64
		{C99ABD62-30E6-4AEE-82D6-1B5069021C42}.Release no DirectX|Mixed Platforms.Build.0 = Release no DirectX|x64
		{C99ABD62-30E6-4AEE-82D6-1B5069021C42}.Release no DirectX|Win32.ActiveCfg = Release no DirectX|x64
		{C99ABD62-30E6-4AEE-82D6-1B5069021C42}.Release no DirectX|x64.ActiveCfg = Release no DirectX|x64
		{C99ABD62-30E6-4AEE-82D6-1B5069021C42}.Release no DirectX|x64.Build.0 = Release no DirectX|x64
		{C99ABD62-30E6-4AEE-82D6-1B5069021C42}.Release|Itanium.ActiveCfg = Release|Win32
		{C99ABD62-30E6-4AEE-82D6-1B5069021C42}.Release|Mixed Platforms.ActiveCfg = Release|x64
		{C99ABD62-30E6-4AEE-82D6-1B5069021C42}.Release|Mixed Platforms.Build.0 = Release|x64
		{C99ABD62-30E6-4AEE-82D6-1B5069021C42}.Release|Win32.ActiveCfg = Release|x64
		{C99ABD62-30E6-4AEE-82D6-1B5069021C42}.Release|x64.ActiveCfg = Release|x64
		{C99ABD62-30E6-4AEE-82D6-1B5069021C42}.Release|x64.Build.0 = Release|x64
		{7B9D283C-1BED-4FD8-BE86-13599332CBDC}.Debug no DirectX|Itanium.ActiveCfg = Debug no DirectX|Win32
		{7B9D283C-1BED-4FD8-BE86-13599332CBDC}.Debug no DirectX|Mixed Platforms.ActiveCfg = Debug no DirectX|x64
		{7B9D283C-1BED-4FD8-BE86-13599332CBDC}.Debug no DirectX|Mixed Platforms.Build.0 = Debug no DirectX|x64
		{7B9D283C-1BED-4FD8-BE86-13599332CBDC}.Debug no DirectX|Win32.ActiveCfg = Debug no DirectX|x64
		{7B9D283C-1BED-4FD8-BE86-13599332CBDC}.Debug no DirectX|x64.ActiveCfg = Debug no DirectX|x64
		{7B9D283C-1BED-4FD8-BE86-13599332CBDC}.Debug no DirectX|x64.Build.0 = Debug no DirectX|x64
		{7B9D283C-1BED-4FD8-BE86-13599332CBDC}.Debug|Itanium.ActiveCfg = Debug|Win32
		{7B9D283C-1BED-4FD8-BE86-13599332CBDC}.Debug|Mixed Platforms.ActiveCfg = Debug|x64
		{7B9D283C-1BED-4FD8-BE86-13599332CBDC}.Debug|Mixed Platforms.Build.0 = Debug|x64
		{7B9D283C-1BED-4FD8-BE86-13599332CBDC}.Debug|Win32.ActiveCfg = Debug|x64
		{7B9D283C-1BED-4FD8-BE86-13599332CBDC}.Debug|x64.ActiveCfg = Debug|x64
		{7B9D283C-1BED-4FD8-BE86-13599332CBDC}.Debug|x64.Build.0 = Debug|x64
		{7B9D283C-1BED-4FD8-BE86-13599332CBDC}.Release no DirectX|Itanium.ActiveCfg = Release no DirectX|Win32
		{7B9D283C-1BED-4FD8-BE86-13599332CBDC}.Release no DirectX|Mixed Platforms.ActiveCfg = Release no DirectX|x64
		{7B9D283C-1BED-4FD8-BE86-13599332CBDC}.Release no DirectX|Mixed Platforms.Build.0 = Release no DirectX|x64
		{7B9D283C-1BED-4FD8-BE86-13599332CBDC}.Release no DirectX|Win32.ActiveCfg = Release no DirectX|x64
		{7B9D283C-1BED-4FD8-BE86-13599332CBDC}.Release no DirectX|x64.ActiveCfg = Release no DirectX|x64
		{7B9D283C-1BED-4FD8-BE86-13599332CBDC}.Release no DirectX|x64.Build.0 = Release no DirectX|x64
		{7B9D283C-1BED-4FD8-BE86-13599332CBDC}.Release|Itanium.ActiveCfg = Release|Win32
		{7B9D283C-1BED-4FD8-BE86-13599332CBDC}.Release|Mixed Platforms.ActiveCfg = Release|x64
		{7B9D283C-1BED-4FD8-BE86-13599332CBDC}.Release|Mixed Platforms.Build.0 = Release|x64
		{7B9D283C-1BED-4FD8-BE86-13599332CBDC}.Release|Win32.ActiveCfg = Release|x64
		{7B9D283C-1BED-4FD8-BE86-13599332CBDC}.Release|x64.ActiveCfg = Release|x64
		{7B9D283C-1BED-4FD8-BE86-13599332CBDC}.Release|x64.Build.0 = Release|x64
		{CB5264CD-9133-433B-94C8-AA5C2B63F08B}.Debug no DirectX|Itanium.ActiveCfg = Debug no DirectX|Win32
		{CB5264CD-9133-433B-94C8-AA5C2B63F08B}.Debug no DirectX|Mixed Platforms.ActiveCfg = Debug no DirectX|x64
		{CB5264CD-9133-433B-94C8-AA5C2B63F08B}.Debug no DirectX|Mixed Platforms.Build.0 = Debug no DirectX|x64
		{CB5264CD-9133-433B-94C8-AA5C2B63F08B}.Debug no DirectX|Win32.ActiveCfg = Debug no DirectX|x64
		{CB5264CD-9133-433B-94C8-AA5C2B63F08B}.Debug no DirectX|x64.ActiveCfg = Debug no DirectX|x64
		{CB5264CD-9133-433B-94C8-AA5C2B63F08B}.Debug no DirectX|x64.Build.0 = Debug no DirectX|x64
		{CB5264CD-9133-433B-94C8-AA5C2B63F08B}.Debug|Itanium.ActiveCfg = Debug|Win32
		{CB5264CD-9133-433B-94C8-AA5C2B63F08B}.Debug|Mixed Platforms.ActiveCfg = Debug|x64
		{CB5264CD-9133-433B-94C8-AA5C2B63F08B}.Debug|Mixed Platforms.Build.0 = Debug|x64
		{CB5264CD-9133-433B-94C8-AA5C2B63F08B}.Debug|Win32.ActiveCfg = Debug|x64
		{CB5264CD-9133-433B-94C8-AA5C2B63F08B}.Debug|x64.ActiveCfg = Debug|x64
		{CB5264CD-9133-433B-94C8-AA5C2B63F08B}.Debug|x64.Build.0 = Debug|x64
		{CB5264CD-9133-433B-94C8-AA5C2B63F08B}.Release no DirectX|Itanium.ActiveCfg = Release no DirectX|Win32
		{CB5264CD-9133-433B-94C8-AA5C2B63F08B}.Release no DirectX|Mixed Platforms.ActiveCfg = Release no DirectX|x64
		{CB5264CD-9133-433B-94C8-AA5C2B63F08B}.Release no DirectX|Mixed Platforms.Build.0 = Release no DirectX|x64
		{CB5264CD-9133-433B-94C8-AA5C2B63F08B}.Release no DirectX|Win32.ActiveCfg = Release no DirectX|x64
		{CB5264CD-9133-433B-94C8-AA5C2B63F08B}.Release no DirectX|x64.ActiveCfg = Release no DirectX|x64
		{CB5264CD-9133-433B-94C8-AA5C2B63F08B}.Release no DirectX|x64.Build.0 = Release no DirectX|x64
		{CB5264CD-9133-433B-94C8-AA5C2B63F08B}.Release|Itanium.ActiveCfg = Release|Win32
		{CB5264CD-9133-433B-94C8-AA5C2B63F08B}.Release|Mixed Platforms.ActiveCfg = Release|x64
		{CB5264CD-9133-433B-94C8-AA5C2B63F08B}.Release|Mixed Platforms.Build.0 = Release|x64
		{CB5264CD-9133-433B-94C8-AA5C2B63F08B}.Release|Win32.ActiveCfg = Release|x64
		{CB5264CD-9133-433B-94C8-AA5C2B63F08B}.Release|x64.ActiveCfg = Release|x64
		{CB5264CD-9133-433B-94C8-AA5C2B63F08B}.Release|x64.Build.0 = Release|x64
	EndGlobalSection
	GlobalSection(SolutionProperties) = preSolution
		HideSolutionNode = FALSE
	EndGlobalSection
EndGlobal
